// !$*UTF8*$!
{
	archiveVersion = 1;
	classes = {
	};
	objectVersion = 51;
	objects = {

/* Begin PBXBuildFile section */
		45874BBB14D1D14064A3703F /* Pods_free_sidecarTests.framework in Frameworks */ = {isa = PBXBuildFile; fileRef = AD849B1779820983320C6D59 /* Pods_free_sidecarTests.framework */; };
		74049058889F217CAEEA23C0 /* Pods_free_sidecar_free_sidecarUITests.framework in Frameworks */ = {isa = PBXBuildFile; fileRef = 02DBAFF2704B668884A40666 /* Pods_free_sidecar_free_sidecarUITests.framework */; };
		860692EC2940355F351FB83C /* Pods_free_sidecar_helper.framework in Frameworks */ = {isa = PBXBuildFile; fileRef = 4AE8AF69B386BC543861857D /* Pods_free_sidecar_helper.framework */; };
		B5421DAC2446D4DF000FF7A3 /* XPCUtils.swift in Sources */ = {isa = PBXBuildFile; fileRef = B5421DAB2446D4DF000FF7A3 /* XPCUtils.swift */; };
		B54B527C2365100A00FF9CE3 /* AppDelegate.swift in Sources */ = {isa = PBXBuildFile; fileRef = B54B527B2365100A00FF9CE3 /* AppDelegate.swift */; };
		B54B527E2365100A00FF9CE3 /* ContentView.swift in Sources */ = {isa = PBXBuildFile; fileRef = B54B527D2365100A00FF9CE3 /* ContentView.swift */; };
		B54B52802365100B00FF9CE3 /* Assets.xcassets in Resources */ = {isa = PBXBuildFile; fileRef = B54B527F2365100B00FF9CE3 /* Assets.xcassets */; };
		B54B52832365100B00FF9CE3 /* Preview Assets.xcassets in Resources */ = {isa = PBXBuildFile; fileRef = B54B52822365100B00FF9CE3 /* Preview Assets.xcassets */; };
		B54B52862365100B00FF9CE3 /* Main.storyboard in Resources */ = {isa = PBXBuildFile; fileRef = B54B52842365100B00FF9CE3 /* Main.storyboard */; };
		B54B52922365100B00FF9CE3 /* free_sidecarTests.swift in Sources */ = {isa = PBXBuildFile; fileRef = B54B52912365100B00FF9CE3 /* free_sidecarTests.swift */; };
		B54B529D2365100B00FF9CE3 /* free_sidecarUITests.swift in Sources */ = {isa = PBXBuildFile; fileRef = B54B529C2365100B00FF9CE3 /* free_sidecarUITests.swift */; };
		B54B52AB2365122D00FF9CE3 /* utils.swift in Sources */ = {isa = PBXBuildFile; fileRef = B54B52AA2365122D00FF9CE3 /* utils.swift */; };
		B552C75D2445845100BC1368 /* main.swift in Sources */ = {isa = PBXBuildFile; fileRef = B552C75C2445845100BC1368 /* main.swift */; };
		B552C77F2446104100BC1368 /* AuthorizationUtils.swift in Sources */ = {isa = PBXBuildFile; fileRef = B552C76A2445964300BC1368 /* AuthorizationUtils.swift */; };
		B552C7802446104200BC1368 /* AuthorizationUtils.swift in Sources */ = {isa = PBXBuildFile; fileRef = B552C76A2445964300BC1368 /* AuthorizationUtils.swift */; };
		B552C782244613B700BC1368 /* SynchronizationUtils.swift in Sources */ = {isa = PBXBuildFile; fileRef = B552C781244613B700BC1368 /* SynchronizationUtils.swift */; };
		B552C783244613B700BC1368 /* SynchronizationUtils.swift in Sources */ = {isa = PBXBuildFile; fileRef = B552C781244613B700BC1368 /* SynchronizationUtils.swift */; };
		B552C785244620D900BC1368 /* constants.swift in Sources */ = {isa = PBXBuildFile; fileRef = B552C784244620D900BC1368 /* constants.swift */; };
		B552C786244620D900BC1368 /* constants.swift in Sources */ = {isa = PBXBuildFile; fileRef = B552C784244620D900BC1368 /* constants.swift */; };
		B552C787244620D900BC1368 /* constants.swift in Sources */ = {isa = PBXBuildFile; fileRef = B552C784244620D900BC1368 /* constants.swift */; };
		B57DC8C124452E5B009E03EF /* FreeSidecarXPC.swift in Sources */ = {isa = PBXBuildFile; fileRef = B57DC8C024452E5B009E03EF /* FreeSidecarXPC.swift */; };
		B57DC8C324452E5B009E03EF /* main.swift in Sources */ = {isa = PBXBuildFile; fileRef = B57DC8C224452E5B009E03EF /* main.swift */; };
		B57DC8C724452E5C009E03EF /* free-sidecar-xpc.xpc in Embed XPC Services */ = {isa = PBXBuildFile; fileRef = B57DC8BC24452E5B009E03EF /* free-sidecar-xpc.xpc */; settings = {ATTRIBUTES = (RemoveHeadersOnCopy, ); }; };
		B57DC8CE24453C81009E03EF /* FreeSidecarXPCProtocol.swift in Sources */ = {isa = PBXBuildFile; fileRef = B57DC8BE24452E5B009E03EF /* FreeSidecarXPCProtocol.swift */; };
		B5A9BCB92444B82200265279 /* compatibility in Resources */ = {isa = PBXBuildFile; fileRef = B5A9BCB82444B82200265279 /* compatibility */; };
		B5B869862446939F00628886 /* FreeSidecarHelperProtocol.swift in Sources */ = {isa = PBXBuildFile; fileRef = B5B869852446939F00628886 /* FreeSidecarHelperProtocol.swift */; };
		B5B86988244693D700628886 /* FreeSidecarHelper.swift in Sources */ = {isa = PBXBuildFile; fileRef = B5B86987244693D700628886 /* FreeSidecarHelper.swift */; };
		B5C44FB524477654007EB1BD /* ben-z.free-sidecar-helper in CopyFiles */ = {isa = PBXBuildFile; fileRef = B552C75A2445845100BC1368 /* ben-z.free-sidecar-helper */; };
		B5C44FBA2447B79A007EB1BD /* XPCConstants.swift in Sources */ = {isa = PBXBuildFile; fileRef = B5C44FB92447B79A007EB1BD /* XPCConstants.swift */; };
		B5DBC4DE2446A3E50023FADA /* XPCClient.swift in Sources */ = {isa = PBXBuildFile; fileRef = B5DBC4DD2446A3E50023FADA /* XPCClient.swift */; };
		B5DBC4DF2446A3E50023FADA /* XPCClient.swift in Sources */ = {isa = PBXBuildFile; fileRef = B5DBC4DD2446A3E50023FADA /* XPCClient.swift */; };
		B5DBC4E12446A4E80023FADA /* XPCUtils.swift in Sources */ = {isa = PBXBuildFile; fileRef = B5DBC4E02446A4E80023FADA /* XPCUtils.swift */; };
		CB1E8BF09D22B54BC43DA09D /* Pods_free_sidecar.framework in Frameworks */ = {isa = PBXBuildFile; fileRef = 9637B28242083483AF3F453F /* Pods_free_sidecar.framework */; };
		F8B06000AEB1DFA133386A86 /* Pods_free_sidecar_xpc.framework in Frameworks */ = {isa = PBXBuildFile; fileRef = 0BB5CDDA774902090728554A /* Pods_free_sidecar_xpc.framework */; };
/* End PBXBuildFile section */

/* Begin PBXContainerItemProxy section */
		B54B528E2365100B00FF9CE3 /* PBXContainerItemProxy */ = {
			isa = PBXContainerItemProxy;
			containerPortal = B54B52702365100A00FF9CE3 /* Project object */;
			proxyType = 1;
			remoteGlobalIDString = B54B52772365100A00FF9CE3;
			remoteInfo = "free-sidecar";
		};
		B54B52992365100B00FF9CE3 /* PBXContainerItemProxy */ = {
			isa = PBXContainerItemProxy;
			containerPortal = B54B52702365100A00FF9CE3 /* Project object */;
			proxyType = 1;
			remoteGlobalIDString = B54B52772365100A00FF9CE3;
			remoteInfo = "free-sidecar";
		};
		B552C7622445867200BC1368 /* PBXContainerItemProxy */ = {
			isa = PBXContainerItemProxy;
			containerPortal = B54B52702365100A00FF9CE3 /* Project object */;
			proxyType = 1;
			remoteGlobalIDString = B552C7592445845100BC1368;
			remoteInfo = "free-sidecar-helper";
		};
		B57DC8C524452E5C009E03EF /* PBXContainerItemProxy */ = {
			isa = PBXContainerItemProxy;
			containerPortal = B54B52702365100A00FF9CE3 /* Project object */;
			proxyType = 1;
			remoteGlobalIDString = B57DC8BB24452E5B009E03EF;
			remoteInfo = "free-sidecar-xpc";
		};
/* End PBXContainerItemProxy section */

/* Begin PBXCopyFilesBuildPhase section */
		B552C7582445845100BC1368 /* CopyFiles */ = {
			isa = PBXCopyFilesBuildPhase;
			buildActionMask = 2147483647;
			dstPath = /usr/share/man/man1/;
			dstSubfolderSpec = 0;
			files = (
			);
			runOnlyForDeploymentPostprocessing = 1;
		};
		B552C764244586A800BC1368 /* CopyFiles */ = {
			isa = PBXCopyFilesBuildPhase;
			buildActionMask = 2147483647;
			dstPath = Contents/Library/LaunchServices;
			dstSubfolderSpec = 1;
			files = (
				B5C44FB524477654007EB1BD /* ben-z.free-sidecar-helper in CopyFiles */,
			);
			runOnlyForDeploymentPostprocessing = 0;
		};
		B57DC8CB24452E5C009E03EF /* Embed XPC Services */ = {
			isa = PBXCopyFilesBuildPhase;
			buildActionMask = 2147483647;
			dstPath = "$(CONTENTS_FOLDER_PATH)/XPCServices";
			dstSubfolderSpec = 16;
			files = (
				B57DC8C724452E5C009E03EF /* free-sidecar-xpc.xpc in Embed XPC Services */,
			);
			name = "Embed XPC Services";
			runOnlyForDeploymentPostprocessing = 0;
		};
/* End PBXCopyFilesBuildPhase section */

/* Begin PBXFileReference section */
		02DBAFF2704B668884A40666 /* Pods_free_sidecar_free_sidecarUITests.framework */ = {isa = PBXFileReference; explicitFileType = wrapper.framework; includeInIndex = 0; path = Pods_free_sidecar_free_sidecarUITests.framework; sourceTree = BUILT_PRODUCTS_DIR; };
		0B11179F5699B4FE32B00E7D /* Pods-free-sidecarTests.debug.xcconfig */ = {isa = PBXFileReference; includeInIndex = 1; lastKnownFileType = text.xcconfig; name = "Pods-free-sidecarTests.debug.xcconfig"; path = "Target Support Files/Pods-free-sidecarTests/Pods-free-sidecarTests.debug.xcconfig"; sourceTree = "<group>"; };
		0BB5CDDA774902090728554A /* Pods_free_sidecar_xpc.framework */ = {isa = PBXFileReference; explicitFileType = wrapper.framework; includeInIndex = 0; path = Pods_free_sidecar_xpc.framework; sourceTree = BUILT_PRODUCTS_DIR; };
		344048C13A2BAF0E7803BB80 /* Pods-free-sidecar-free-sidecarUITests.debug.xcconfig */ = {isa = PBXFileReference; includeInIndex = 1; lastKnownFileType = text.xcconfig; name = "Pods-free-sidecar-free-sidecarUITests.debug.xcconfig"; path = "Target Support Files/Pods-free-sidecar-free-sidecarUITests/Pods-free-sidecar-free-sidecarUITests.debug.xcconfig"; sourceTree = "<group>"; };
		35283CCFF6F98451C0161AEE /* Pods-free-sidecar-helper.release.xcconfig */ = {isa = PBXFileReference; includeInIndex = 1; lastKnownFileType = text.xcconfig; name = "Pods-free-sidecar-helper.release.xcconfig"; path = "Target Support Files/Pods-free-sidecar-helper/Pods-free-sidecar-helper.release.xcconfig"; sourceTree = "<group>"; };
		4AE8AF69B386BC543861857D /* Pods_free_sidecar_helper.framework */ = {isa = PBXFileReference; explicitFileType = wrapper.framework; includeInIndex = 0; path = Pods_free_sidecar_helper.framework; sourceTree = BUILT_PRODUCTS_DIR; };
		4C97C55B4F3C54EA5229EB8B /* Pods-free-sidecar-xpc.debug.xcconfig */ = {isa = PBXFileReference; includeInIndex = 1; lastKnownFileType = text.xcconfig; name = "Pods-free-sidecar-xpc.debug.xcconfig"; path = "Target Support Files/Pods-free-sidecar-xpc/Pods-free-sidecar-xpc.debug.xcconfig"; sourceTree = "<group>"; };
		60DA2FF73968CE3560CF756E /* Pods-free-sidecar-helper.debug.xcconfig */ = {isa = PBXFileReference; includeInIndex = 1; lastKnownFileType = text.xcconfig; name = "Pods-free-sidecar-helper.debug.xcconfig"; path = "Target Support Files/Pods-free-sidecar-helper/Pods-free-sidecar-helper.debug.xcconfig"; sourceTree = "<group>"; };
		70D054CAC2A459C83B1FB18B /* Pods-free-sidecar-xpc.release.xcconfig */ = {isa = PBXFileReference; includeInIndex = 1; lastKnownFileType = text.xcconfig; name = "Pods-free-sidecar-xpc.release.xcconfig"; path = "Target Support Files/Pods-free-sidecar-xpc/Pods-free-sidecar-xpc.release.xcconfig"; sourceTree = "<group>"; };
		77CED4F02E7E8919E0A0635A /* Pods-free-sidecar.release.xcconfig */ = {isa = PBXFileReference; includeInIndex = 1; lastKnownFileType = text.xcconfig; name = "Pods-free-sidecar.release.xcconfig"; path = "Target Support Files/Pods-free-sidecar/Pods-free-sidecar.release.xcconfig"; sourceTree = "<group>"; };
		823B4AE38882D3497703797A /* Pods-free-sidecar.debug.xcconfig */ = {isa = PBXFileReference; includeInIndex = 1; lastKnownFileType = text.xcconfig; name = "Pods-free-sidecar.debug.xcconfig"; path = "Target Support Files/Pods-free-sidecar/Pods-free-sidecar.debug.xcconfig"; sourceTree = "<group>"; };
		9637B28242083483AF3F453F /* Pods_free_sidecar.framework */ = {isa = PBXFileReference; explicitFileType = wrapper.framework; includeInIndex = 0; path = Pods_free_sidecar.framework; sourceTree = BUILT_PRODUCTS_DIR; };
		A6B32D8346CA0DDB77551251 /* Pods-free-sidecar-free-sidecarUITests.release.xcconfig */ = {isa = PBXFileReference; includeInIndex = 1; lastKnownFileType = text.xcconfig; name = "Pods-free-sidecar-free-sidecarUITests.release.xcconfig"; path = "Target Support Files/Pods-free-sidecar-free-sidecarUITests/Pods-free-sidecar-free-sidecarUITests.release.xcconfig"; sourceTree = "<group>"; };
		AD849B1779820983320C6D59 /* Pods_free_sidecarTests.framework */ = {isa = PBXFileReference; explicitFileType = wrapper.framework; includeInIndex = 0; path = Pods_free_sidecarTests.framework; sourceTree = BUILT_PRODUCTS_DIR; };
		B5421DAB2446D4DF000FF7A3 /* XPCUtils.swift */ = {isa = PBXFileReference; lastKnownFileType = sourcecode.swift; path = XPCUtils.swift; sourceTree = "<group>"; };
		B54B52782365100A00FF9CE3 /* free-sidecar.app */ = {isa = PBXFileReference; explicitFileType = wrapper.application; includeInIndex = 0; path = "free-sidecar.app"; sourceTree = BUILT_PRODUCTS_DIR; };
		B54B527B2365100A00FF9CE3 /* AppDelegate.swift */ = {isa = PBXFileReference; lastKnownFileType = sourcecode.swift; path = AppDelegate.swift; sourceTree = "<group>"; };
		B54B527D2365100A00FF9CE3 /* ContentView.swift */ = {isa = PBXFileReference; lastKnownFileType = sourcecode.swift; path = ContentView.swift; sourceTree = "<group>"; };
		B54B527F2365100B00FF9CE3 /* Assets.xcassets */ = {isa = PBXFileReference; lastKnownFileType = folder.assetcatalog; path = Assets.xcassets; sourceTree = "<group>"; };
		B54B52822365100B00FF9CE3 /* Preview Assets.xcassets */ = {isa = PBXFileReference; lastKnownFileType = folder.assetcatalog; path = "Preview Assets.xcassets"; sourceTree = "<group>"; };
		B54B52852365100B00FF9CE3 /* Base */ = {isa = PBXFileReference; lastKnownFileType = file.storyboard; name = Base; path = Base.lproj/Main.storyboard; sourceTree = "<group>"; };
		B54B52872365100B00FF9CE3 /* Info.plist */ = {isa = PBXFileReference; lastKnownFileType = text.plist.xml; path = Info.plist; sourceTree = "<group>"; };
		B54B52882365100B00FF9CE3 /* free_sidecar.entitlements */ = {isa = PBXFileReference; lastKnownFileType = text.plist.entitlements; path = free_sidecar.entitlements; sourceTree = "<group>"; };
		B54B528D2365100B00FF9CE3 /* free-sidecarTests.xctest */ = {isa = PBXFileReference; explicitFileType = wrapper.cfbundle; includeInIndex = 0; path = "free-sidecarTests.xctest"; sourceTree = BUILT_PRODUCTS_DIR; };
		B54B52912365100B00FF9CE3 /* free_sidecarTests.swift */ = {isa = PBXFileReference; lastKnownFileType = sourcecode.swift; path = free_sidecarTests.swift; sourceTree = "<group>"; };
		B54B52932365100B00FF9CE3 /* Info.plist */ = {isa = PBXFileReference; lastKnownFileType = text.plist.xml; path = Info.plist; sourceTree = "<group>"; };
		B54B52982365100B00FF9CE3 /* free-sidecarUITests.xctest */ = {isa = PBXFileReference; explicitFileType = wrapper.cfbundle; includeInIndex = 0; path = "free-sidecarUITests.xctest"; sourceTree = BUILT_PRODUCTS_DIR; };
		B54B529C2365100B00FF9CE3 /* free_sidecarUITests.swift */ = {isa = PBXFileReference; lastKnownFileType = sourcecode.swift; path = free_sidecarUITests.swift; sourceTree = "<group>"; };
		B54B529E2365100B00FF9CE3 /* Info.plist */ = {isa = PBXFileReference; lastKnownFileType = text.plist.xml; path = Info.plist; sourceTree = "<group>"; };
		B54B52AA2365122D00FF9CE3 /* utils.swift */ = {isa = PBXFileReference; lastKnownFileType = sourcecode.swift; path = utils.swift; sourceTree = "<group>"; };
		B552C75A2445845100BC1368 /* ben-z.free-sidecar-helper */ = {isa = PBXFileReference; explicitFileType = "compiled.mach-o.executable"; includeInIndex = 0; path = "ben-z.free-sidecar-helper"; sourceTree = BUILT_PRODUCTS_DIR; };
		B552C75C2445845100BC1368 /* main.swift */ = {isa = PBXFileReference; lastKnownFileType = sourcecode.swift; path = main.swift; sourceTree = "<group>"; };
		B552C7612445851F00BC1368 /* Info.plist */ = {isa = PBXFileReference; lastKnownFileType = text.plist.xml; path = Info.plist; sourceTree = "<group>"; };
		B552C76924458FD800BC1368 /* Launchd.plist */ = {isa = PBXFileReference; fileEncoding = 4; lastKnownFileType = text.plist.xml; path = Launchd.plist; sourceTree = "<group>"; };
		B552C76A2445964300BC1368 /* AuthorizationUtils.swift */ = {isa = PBXFileReference; lastKnownFileType = sourcecode.swift; path = AuthorizationUtils.swift; sourceTree = "<group>"; };
		B552C781244613B700BC1368 /* SynchronizationUtils.swift */ = {isa = PBXFileReference; lastKnownFileType = sourcecode.swift; path = SynchronizationUtils.swift; sourceTree = "<group>"; usesTabs = 0; wrapsLines = 0; };
		B552C784244620D900BC1368 /* constants.swift */ = {isa = PBXFileReference; lastKnownFileType = sourcecode.swift; path = constants.swift; sourceTree = "<group>"; };
		B552C78C2446751F00BC1368 /* ben-z.free-sidecar-helper.entitlements */ = {isa = PBXFileReference; lastKnownFileType = text.plist.entitlements; path = "ben-z.free-sidecar-helper.entitlements"; sourceTree = "<group>"; };
		B57DC8BC24452E5B009E03EF /* free-sidecar-xpc.xpc */ = {isa = PBXFileReference; explicitFileType = "wrapper.xpc-service"; includeInIndex = 0; path = "free-sidecar-xpc.xpc"; sourceTree = BUILT_PRODUCTS_DIR; };
		B57DC8BE24452E5B009E03EF /* FreeSidecarXPCProtocol.swift */ = {isa = PBXFileReference; lastKnownFileType = sourcecode.swift; path = FreeSidecarXPCProtocol.swift; sourceTree = "<group>"; };
		B57DC8C024452E5B009E03EF /* FreeSidecarXPC.swift */ = {isa = PBXFileReference; lastKnownFileType = sourcecode.swift; path = FreeSidecarXPC.swift; sourceTree = "<group>"; };
		B57DC8C224452E5B009E03EF /* main.swift */ = {isa = PBXFileReference; lastKnownFileType = sourcecode.swift; path = main.swift; sourceTree = "<group>"; };
		B57DC8C424452E5B009E03EF /* Info.plist */ = {isa = PBXFileReference; lastKnownFileType = text.plist.xml; path = Info.plist; sourceTree = "<group>"; };
		B5A9BCB82444B82200265279 /* compatibility */ = {isa = PBXFileReference; fileEncoding = 4; lastKnownFileType = folder; name = compatibility; path = "free-sidecar/compatibility"; sourceTree = SOURCE_ROOT; };
		B5AC7B70244427F900E6E4EF /* v2.playground */ = {isa = PBXFileReference; lastKnownFileType = file.playground; path = v2.playground; sourceTree = SOURCE_ROOT; xcLanguageSpecificationIdentifier = xcode.lang.swift; };
		B5B869852446939F00628886 /* FreeSidecarHelperProtocol.swift */ = {isa = PBXFileReference; lastKnownFileType = sourcecode.swift; path = FreeSidecarHelperProtocol.swift; sourceTree = "<group>"; };
		B5B86987244693D700628886 /* FreeSidecarHelper.swift */ = {isa = PBXFileReference; lastKnownFileType = sourcecode.swift; path = FreeSidecarHelper.swift; sourceTree = "<group>"; };
		B5C44FB92447B79A007EB1BD /* XPCConstants.swift */ = {isa = PBXFileReference; lastKnownFileType = sourcecode.swift; path = XPCConstants.swift; sourceTree = "<group>"; };
		B5DBC4DD2446A3E50023FADA /* XPCClient.swift */ = {isa = PBXFileReference; lastKnownFileType = sourcecode.swift; path = XPCClient.swift; sourceTree = "<group>"; };
		B5DBC4E02446A4E80023FADA /* XPCUtils.swift */ = {isa = PBXFileReference; lastKnownFileType = sourcecode.swift; path = XPCUtils.swift; sourceTree = "<group>"; };
		FB703C579BBA426AFDFE0CE1 /* Pods-free-sidecarTests.release.xcconfig */ = {isa = PBXFileReference; includeInIndex = 1; lastKnownFileType = text.xcconfig; name = "Pods-free-sidecarTests.release.xcconfig"; path = "Target Support Files/Pods-free-sidecarTests/Pods-free-sidecarTests.release.xcconfig"; sourceTree = "<group>"; };
/* End PBXFileReference section */

/* Begin PBXFrameworksBuildPhase section */
		B54B52752365100A00FF9CE3 /* Frameworks */ = {
			isa = PBXFrameworksBuildPhase;
			buildActionMask = 2147483647;
			files = (
				CB1E8BF09D22B54BC43DA09D /* Pods_free_sidecar.framework in Frameworks */,
			);
			runOnlyForDeploymentPostprocessing = 0;
		};
		B54B528A2365100B00FF9CE3 /* Frameworks */ = {
			isa = PBXFrameworksBuildPhase;
			buildActionMask = 2147483647;
			files = (
				45874BBB14D1D14064A3703F /* Pods_free_sidecarTests.framework in Frameworks */,
			);
			runOnlyForDeploymentPostprocessing = 0;
		};
		B54B52952365100B00FF9CE3 /* Frameworks */ = {
			isa = PBXFrameworksBuildPhase;
			buildActionMask = 2147483647;
			files = (
				74049058889F217CAEEA23C0 /* Pods_free_sidecar_free_sidecarUITests.framework in Frameworks */,
			);
			runOnlyForDeploymentPostprocessing = 0;
		};
		B552C7572445845100BC1368 /* Frameworks */ = {
			isa = PBXFrameworksBuildPhase;
			buildActionMask = 2147483647;
			files = (
				860692EC2940355F351FB83C /* Pods_free_sidecar_helper.framework in Frameworks */,
			);
			runOnlyForDeploymentPostprocessing = 0;
		};
		B57DC8B924452E5B009E03EF /* Frameworks */ = {
			isa = PBXFrameworksBuildPhase;
			buildActionMask = 2147483647;
			files = (
				F8B06000AEB1DFA133386A86 /* Pods_free_sidecar_xpc.framework in Frameworks */,
			);
			runOnlyForDeploymentPostprocessing = 0;
		};
/* End PBXFrameworksBuildPhase section */

/* Begin PBXGroup section */
		059ADC5D52B8DCE963129B3F /* Frameworks */ = {
			isa = PBXGroup;
			children = (
				9637B28242083483AF3F453F /* Pods_free_sidecar.framework */,
				02DBAFF2704B668884A40666 /* Pods_free_sidecar_free_sidecarUITests.framework */,
				4AE8AF69B386BC543861857D /* Pods_free_sidecar_helper.framework */,
				0BB5CDDA774902090728554A /* Pods_free_sidecar_xpc.framework */,
				AD849B1779820983320C6D59 /* Pods_free_sidecarTests.framework */,
			);
			name = Frameworks;
			sourceTree = "<group>";
		};
		2BE638D044C626D9DC2AFDE6 /* Pods */ = {
			isa = PBXGroup;
			children = (
				823B4AE38882D3497703797A /* Pods-free-sidecar.debug.xcconfig */,
				77CED4F02E7E8919E0A0635A /* Pods-free-sidecar.release.xcconfig */,
				344048C13A2BAF0E7803BB80 /* Pods-free-sidecar-free-sidecarUITests.debug.xcconfig */,
				A6B32D8346CA0DDB77551251 /* Pods-free-sidecar-free-sidecarUITests.release.xcconfig */,
				60DA2FF73968CE3560CF756E /* Pods-free-sidecar-helper.debug.xcconfig */,
				35283CCFF6F98451C0161AEE /* Pods-free-sidecar-helper.release.xcconfig */,
				4C97C55B4F3C54EA5229EB8B /* Pods-free-sidecar-xpc.debug.xcconfig */,
				70D054CAC2A459C83B1FB18B /* Pods-free-sidecar-xpc.release.xcconfig */,
				0B11179F5699B4FE32B00E7D /* Pods-free-sidecarTests.debug.xcconfig */,
				FB703C579BBA426AFDFE0CE1 /* Pods-free-sidecarTests.release.xcconfig */,
			);
			path = Pods;
			sourceTree = "<group>";
		};
		B54B526F2365100A00FF9CE3 = {
			isa = PBXGroup;
			children = (
				B552C77E2446103800BC1368 /* common */,
				B54B527A2365100A00FF9CE3 /* free-sidecar */,
				B54B52902365100B00FF9CE3 /* free-sidecarTests */,
				B54B529B2365100B00FF9CE3 /* free-sidecarUITests */,
				B57DC8BD24452E5B009E03EF /* free-sidecar-xpc */,
				B552C75B2445845100BC1368 /* free-sidecar-helper */,
				B54B52792365100A00FF9CE3 /* Products */,
				2BE638D044C626D9DC2AFDE6 /* Pods */,
				059ADC5D52B8DCE963129B3F /* Frameworks */,
			);
			sourceTree = "<group>";
		};
		B54B52792365100A00FF9CE3 /* Products */ = {
			isa = PBXGroup;
			children = (
				B54B52782365100A00FF9CE3 /* free-sidecar.app */,
				B54B528D2365100B00FF9CE3 /* free-sidecarTests.xctest */,
				B54B52982365100B00FF9CE3 /* free-sidecarUITests.xctest */,
				B57DC8BC24452E5B009E03EF /* free-sidecar-xpc.xpc */,
				B552C75A2445845100BC1368 /* ben-z.free-sidecar-helper */,
			);
			name = Products;
			sourceTree = "<group>";
		};
		B54B527A2365100A00FF9CE3 /* free-sidecar */ = {
			isa = PBXGroup;
			children = (
				B5AC7B70244427F900E6E4EF /* v2.playground */,
				B54B527B2365100A00FF9CE3 /* AppDelegate.swift */,
				B54B527D2365100A00FF9CE3 /* ContentView.swift */,
				B54B52AA2365122D00FF9CE3 /* utils.swift */,
				B5DBC4E02446A4E80023FADA /* XPCUtils.swift */,
				B54B527F2365100B00FF9CE3 /* Assets.xcassets */,
				B54B52842365100B00FF9CE3 /* Main.storyboard */,
				B54B52872365100B00FF9CE3 /* Info.plist */,
				B54B52882365100B00FF9CE3 /* free_sidecar.entitlements */,
				B5A9BCB82444B82200265279 /* compatibility */,
				B54B52812365100B00FF9CE3 /* Preview Content */,
			);
			path = "free-sidecar";
			sourceTree = "<group>";
		};
		B54B52812365100B00FF9CE3 /* Preview Content */ = {
			isa = PBXGroup;
			children = (
				B54B52822365100B00FF9CE3 /* Preview Assets.xcassets */,
			);
			path = "Preview Content";
			sourceTree = "<group>";
		};
		B54B52902365100B00FF9CE3 /* free-sidecarTests */ = {
			isa = PBXGroup;
			children = (
				B54B52912365100B00FF9CE3 /* free_sidecarTests.swift */,
				B54B52932365100B00FF9CE3 /* Info.plist */,
			);
			path = "free-sidecarTests";
			sourceTree = "<group>";
		};
		B54B529B2365100B00FF9CE3 /* free-sidecarUITests */ = {
			isa = PBXGroup;
			children = (
				B54B529C2365100B00FF9CE3 /* free_sidecarUITests.swift */,
				B54B529E2365100B00FF9CE3 /* Info.plist */,
			);
			path = "free-sidecarUITests";
			sourceTree = "<group>";
		};
		B552C75B2445845100BC1368 /* free-sidecar-helper */ = {
			isa = PBXGroup;
			children = (
				B552C78C2446751F00BC1368 /* ben-z.free-sidecar-helper.entitlements */,
				B552C75C2445845100BC1368 /* main.swift */,
				B552C7612445851F00BC1368 /* Info.plist */,
				B552C76924458FD800BC1368 /* Launchd.plist */,
				B5B869852446939F00628886 /* FreeSidecarHelperProtocol.swift */,
				B5B86987244693D700628886 /* FreeSidecarHelper.swift */,
			);
			path = "free-sidecar-helper";
			sourceTree = "<group>";
		};
		B552C77E2446103800BC1368 /* common */ = {
			isa = PBXGroup;
			children = (
				B552C76A2445964300BC1368 /* AuthorizationUtils.swift */,
				B552C781244613B700BC1368 /* SynchronizationUtils.swift */,
				B552C784244620D900BC1368 /* constants.swift */,
				B5DBC4DD2446A3E50023FADA /* XPCClient.swift */,
			);
			path = common;
			sourceTree = "<group>";
		};
		B57DC8BD24452E5B009E03EF /* free-sidecar-xpc */ = {
			isa = PBXGroup;
			children = (
				B57DC8BE24452E5B009E03EF /* FreeSidecarXPCProtocol.swift */,
				B57DC8C024452E5B009E03EF /* FreeSidecarXPC.swift */,
				B57DC8C224452E5B009E03EF /* main.swift */,
				B57DC8C424452E5B009E03EF /* Info.plist */,
				B5421DAB2446D4DF000FF7A3 /* XPCUtils.swift */,
				B5C44FB92447B79A007EB1BD /* XPCConstants.swift */,
			);
			path = "free-sidecar-xpc";
			sourceTree = "<group>";
		};
/* End PBXGroup section */

/* Begin PBXNativeTarget section */
		B54B52772365100A00FF9CE3 /* free-sidecar */ = {
			isa = PBXNativeTarget;
			buildConfigurationList = B54B52A12365100B00FF9CE3 /* Build configuration list for PBXNativeTarget "free-sidecar" */;
			buildPhases = (
				DBD6D1D022588E3BF8B4E5C0 /* [CP] Check Pods Manifest.lock */,
				B54B52742365100A00FF9CE3 /* Sources */,
				B54B52752365100A00FF9CE3 /* Frameworks */,
				B54B52762365100A00FF9CE3 /* Resources */,
				B57DC8CB24452E5C009E03EF /* Embed XPC Services */,
				617A0D1F470C92B1178B75C3 /* [CP] Embed Pods Frameworks */,
			);
			buildRules = (
			);
			dependencies = (
				B57DC8C624452E5C009E03EF /* PBXTargetDependency */,
			);
			name = "free-sidecar";
			productName = "free-sidecar";
			productReference = B54B52782365100A00FF9CE3 /* free-sidecar.app */;
			productType = "com.apple.product-type.application";
		};
		B54B528C2365100B00FF9CE3 /* free-sidecarTests */ = {
			isa = PBXNativeTarget;
			buildConfigurationList = B54B52A42365100B00FF9CE3 /* Build configuration list for PBXNativeTarget "free-sidecarTests" */;
			buildPhases = (
				059ABF28EC60D3F506C935FA /* [CP] Check Pods Manifest.lock */,
				B54B52892365100B00FF9CE3 /* Sources */,
				B54B528A2365100B00FF9CE3 /* Frameworks */,
				B54B528B2365100B00FF9CE3 /* Resources */,
			);
			buildRules = (
			);
			dependencies = (
				B54B528F2365100B00FF9CE3 /* PBXTargetDependency */,
			);
			name = "free-sidecarTests";
			productName = "free-sidecarTests";
			productReference = B54B528D2365100B00FF9CE3 /* free-sidecarTests.xctest */;
			productType = "com.apple.product-type.bundle.unit-test";
		};
		B54B52972365100B00FF9CE3 /* free-sidecarUITests */ = {
			isa = PBXNativeTarget;
			buildConfigurationList = B54B52A72365100B00FF9CE3 /* Build configuration list for PBXNativeTarget "free-sidecarUITests" */;
			buildPhases = (
				ACAC0527ECAAA592A3E1A9A7 /* [CP] Check Pods Manifest.lock */,
				B54B52942365100B00FF9CE3 /* Sources */,
				B54B52952365100B00FF9CE3 /* Frameworks */,
				B54B52962365100B00FF9CE3 /* Resources */,
				F38A7091C6205842FCE08E13 /* [CP] Embed Pods Frameworks */,
			);
			buildRules = (
			);
			dependencies = (
				B54B529A2365100B00FF9CE3 /* PBXTargetDependency */,
			);
			name = "free-sidecarUITests";
			productName = "free-sidecarUITests";
			productReference = B54B52982365100B00FF9CE3 /* free-sidecarUITests.xctest */;
			productType = "com.apple.product-type.bundle.ui-testing";
		};
		B552C7592445845100BC1368 /* free-sidecar-helper */ = {
			isa = PBXNativeTarget;
			buildConfigurationList = B552C7602445845100BC1368 /* Build configuration list for PBXNativeTarget "free-sidecar-helper" */;
			buildPhases = (
				B5C44FB82447B338007EB1BD /* ShellScript */,
				138B4647CBCB65DA9838AF5B /* [CP] Check Pods Manifest.lock */,
				B552C7562445845100BC1368 /* Sources */,
				B552C7572445845100BC1368 /* Frameworks */,
				B552C7582445845100BC1368 /* CopyFiles */,
			);
			buildRules = (
			);
			dependencies = (
			);
			name = "free-sidecar-helper";
			productName = "free-sidecar-helper";
			productReference = B552C75A2445845100BC1368 /* ben-z.free-sidecar-helper */;
			productType = "com.apple.product-type.tool";
		};
		B57DC8BB24452E5B009E03EF /* free-sidecar-xpc */ = {
			isa = PBXNativeTarget;
			buildConfigurationList = B57DC8C824452E5C009E03EF /* Build configuration list for PBXNativeTarget "free-sidecar-xpc" */;
			buildPhases = (
				00A244A4BDBE162532491843 /* [CP] Check Pods Manifest.lock */,
				B57DC8B824452E5B009E03EF /* Sources */,
				B57DC8B924452E5B009E03EF /* Frameworks */,
				B57DC8BA24452E5B009E03EF /* Resources */,
				B552C764244586A800BC1368 /* CopyFiles */,
			);
			buildRules = (
			);
			dependencies = (
				B552C7632445867200BC1368 /* PBXTargetDependency */,
			);
			name = "free-sidecar-xpc";
			productName = "free-sidecar-xpc";
			productReference = B57DC8BC24452E5B009E03EF /* free-sidecar-xpc.xpc */;
			productType = "com.apple.product-type.xpc-service";
		};
/* End PBXNativeTarget section */

/* Begin PBXProject section */
		B54B52702365100A00FF9CE3 /* Project object */ = {
			isa = PBXProject;
			attributes = {
				LastSwiftUpdateCheck = 1140;
				LastUpgradeCheck = 1140;
				ORGANIZATIONNAME = "Ben Zhang";
				TargetAttributes = {
					B54B52772365100A00FF9CE3 = {
						CreatedOnToolsVersion = 11.1;
					};
					B54B528C2365100B00FF9CE3 = {
						CreatedOnToolsVersion = 11.1;
						TestTargetID = B54B52772365100A00FF9CE3;
					};
					B54B52972365100B00FF9CE3 = {
						CreatedOnToolsVersion = 11.1;
						TestTargetID = B54B52772365100A00FF9CE3;
					};
					B552C7592445845100BC1368 = {
						CreatedOnToolsVersion = 11.4;
					};
					B57DC8BB24452E5B009E03EF = {
						CreatedOnToolsVersion = 11.4;
					};
				};
			};
			buildConfigurationList = B54B52732365100A00FF9CE3 /* Build configuration list for PBXProject "free-sidecar" */;
			compatibilityVersion = "Xcode 9.3";
			developmentRegion = en;
			hasScannedForEncodings = 0;
			knownRegions = (
				en,
				Base,
			);
			mainGroup = B54B526F2365100A00FF9CE3;
			productRefGroup = B54B52792365100A00FF9CE3 /* Products */;
			projectDirPath = "";
			projectRoot = "";
			targets = (
				B54B52772365100A00FF9CE3 /* free-sidecar */,
				B54B528C2365100B00FF9CE3 /* free-sidecarTests */,
				B54B52972365100B00FF9CE3 /* free-sidecarUITests */,
				B57DC8BB24452E5B009E03EF /* free-sidecar-xpc */,
				B552C7592445845100BC1368 /* free-sidecar-helper */,
			);
		};
/* End PBXProject section */

/* Begin PBXResourcesBuildPhase section */
		B54B52762365100A00FF9CE3 /* Resources */ = {
			isa = PBXResourcesBuildPhase;
			buildActionMask = 2147483647;
			files = (
				B54B52862365100B00FF9CE3 /* Main.storyboard in Resources */,
				B54B52832365100B00FF9CE3 /* Preview Assets.xcassets in Resources */,
				B54B52802365100B00FF9CE3 /* Assets.xcassets in Resources */,
				B5A9BCB92444B82200265279 /* compatibility in Resources */,
			);
			runOnlyForDeploymentPostprocessing = 0;
		};
		B54B528B2365100B00FF9CE3 /* Resources */ = {
			isa = PBXResourcesBuildPhase;
			buildActionMask = 2147483647;
			files = (
			);
			runOnlyForDeploymentPostprocessing = 0;
		};
		B54B52962365100B00FF9CE3 /* Resources */ = {
			isa = PBXResourcesBuildPhase;
			buildActionMask = 2147483647;
			files = (
			);
			runOnlyForDeploymentPostprocessing = 0;
		};
		B57DC8BA24452E5B009E03EF /* Resources */ = {
			isa = PBXResourcesBuildPhase;
			buildActionMask = 2147483647;
			files = (
			);
			runOnlyForDeploymentPostprocessing = 0;
		};
/* End PBXResourcesBuildPhase section */

/* Begin PBXShellScriptBuildPhase section */
		00A244A4BDBE162532491843 /* [CP] Check Pods Manifest.lock */ = {
			isa = PBXShellScriptBuildPhase;
			buildActionMask = 2147483647;
			files = (
			);
			inputFileListPaths = (
			);
			inputPaths = (
				"${PODS_PODFILE_DIR_PATH}/Podfile.lock",
				"${PODS_ROOT}/Manifest.lock",
			);
			name = "[CP] Check Pods Manifest.lock";
			outputFileListPaths = (
			);
			outputPaths = (
				"$(DERIVED_FILE_DIR)/Pods-free-sidecar-xpc-checkManifestLockResult.txt",
			);
			runOnlyForDeploymentPostprocessing = 0;
			shellPath = /bin/sh;
			shellScript = "diff \"${PODS_PODFILE_DIR_PATH}/Podfile.lock\" \"${PODS_ROOT}/Manifest.lock\" > /dev/null\nif [ $? != 0 ] ; then\n    # print error to STDERR\n    echo \"error: The sandbox is not in sync with the Podfile.lock. Run 'pod install' or update your CocoaPods installation.\" >&2\n    exit 1\nfi\n# This output is used by Xcode 'outputs' to avoid re-running this script phase.\necho \"SUCCESS\" > \"${SCRIPT_OUTPUT_FILE_0}\"\n";
			showEnvVarsInLog = 0;
		};
		059ABF28EC60D3F506C935FA /* [CP] Check Pods Manifest.lock */ = {
			isa = PBXShellScriptBuildPhase;
			buildActionMask = 2147483647;
			files = (
			);
			inputFileListPaths = (
			);
			inputPaths = (
				"${PODS_PODFILE_DIR_PATH}/Podfile.lock",
				"${PODS_ROOT}/Manifest.lock",
			);
			name = "[CP] Check Pods Manifest.lock";
			outputFileListPaths = (
			);
			outputPaths = (
				"$(DERIVED_FILE_DIR)/Pods-free-sidecarTests-checkManifestLockResult.txt",
			);
			runOnlyForDeploymentPostprocessing = 0;
			shellPath = /bin/sh;
			shellScript = "diff \"${PODS_PODFILE_DIR_PATH}/Podfile.lock\" \"${PODS_ROOT}/Manifest.lock\" > /dev/null\nif [ $? != 0 ] ; then\n    # print error to STDERR\n    echo \"error: The sandbox is not in sync with the Podfile.lock. Run 'pod install' or update your CocoaPods installation.\" >&2\n    exit 1\nfi\n# This output is used by Xcode 'outputs' to avoid re-running this script phase.\necho \"SUCCESS\" > \"${SCRIPT_OUTPUT_FILE_0}\"\n";
			showEnvVarsInLog = 0;
		};
		138B4647CBCB65DA9838AF5B /* [CP] Check Pods Manifest.lock */ = {
			isa = PBXShellScriptBuildPhase;
			buildActionMask = 2147483647;
			files = (
			);
			inputFileListPaths = (
			);
			inputPaths = (
				"${PODS_PODFILE_DIR_PATH}/Podfile.lock",
				"${PODS_ROOT}/Manifest.lock",
			);
			name = "[CP] Check Pods Manifest.lock";
			outputFileListPaths = (
			);
			outputPaths = (
				"$(DERIVED_FILE_DIR)/Pods-free-sidecar-helper-checkManifestLockResult.txt",
			);
			runOnlyForDeploymentPostprocessing = 0;
			shellPath = /bin/sh;
			shellScript = "diff \"${PODS_PODFILE_DIR_PATH}/Podfile.lock\" \"${PODS_ROOT}/Manifest.lock\" > /dev/null\nif [ $? != 0 ] ; then\n    # print error to STDERR\n    echo \"error: The sandbox is not in sync with the Podfile.lock. Run 'pod install' or update your CocoaPods installation.\" >&2\n    exit 1\nfi\n# This output is used by Xcode 'outputs' to avoid re-running this script phase.\necho \"SUCCESS\" > \"${SCRIPT_OUTPUT_FILE_0}\"\n";
			showEnvVarsInLog = 0;
		};
		617A0D1F470C92B1178B75C3 /* [CP] Embed Pods Frameworks */ = {
			isa = PBXShellScriptBuildPhase;
			buildActionMask = 2147483647;
			files = (
			);
			inputFileListPaths = (
				"${PODS_ROOT}/Target Support Files/Pods-free-sidecar/Pods-free-sidecar-frameworks-${CONFIGURATION}-input-files.xcfilelist",
			);
			name = "[CP] Embed Pods Frameworks";
			outputFileListPaths = (
				"${PODS_ROOT}/Target Support Files/Pods-free-sidecar/Pods-free-sidecar-frameworks-${CONFIGURATION}-output-files.xcfilelist",
			);
			runOnlyForDeploymentPostprocessing = 0;
			shellPath = /bin/sh;
			shellScript = "\"${PODS_ROOT}/Target Support Files/Pods-free-sidecar/Pods-free-sidecar-frameworks.sh\"\n";
			showEnvVarsInLog = 0;
		};
		ACAC0527ECAAA592A3E1A9A7 /* [CP] Check Pods Manifest.lock */ = {
			isa = PBXShellScriptBuildPhase;
			buildActionMask = 2147483647;
			files = (
			);
			inputFileListPaths = (
			);
			inputPaths = (
				"${PODS_PODFILE_DIR_PATH}/Podfile.lock",
				"${PODS_ROOT}/Manifest.lock",
			);
			name = "[CP] Check Pods Manifest.lock";
			outputFileListPaths = (
			);
			outputPaths = (
				"$(DERIVED_FILE_DIR)/Pods-free-sidecar-free-sidecarUITests-checkManifestLockResult.txt",
			);
			runOnlyForDeploymentPostprocessing = 0;
			shellPath = /bin/sh;
			shellScript = "diff \"${PODS_PODFILE_DIR_PATH}/Podfile.lock\" \"${PODS_ROOT}/Manifest.lock\" > /dev/null\nif [ $? != 0 ] ; then\n    # print error to STDERR\n    echo \"error: The sandbox is not in sync with the Podfile.lock. Run 'pod install' or update your CocoaPods installation.\" >&2\n    exit 1\nfi\n# This output is used by Xcode 'outputs' to avoid re-running this script phase.\necho \"SUCCESS\" > \"${SCRIPT_OUTPUT_FILE_0}\"\n";
			showEnvVarsInLog = 0;
		};
		B5C44FB82447B338007EB1BD /* ShellScript */ = {
			isa = PBXShellScriptBuildPhase;
			buildActionMask = 2147483647;
			files = (
			);
			inputFileListPaths = (
			);
			inputPaths = (
			);
			outputFileListPaths = (
			);
			outputPaths = (
			);
			runOnlyForDeploymentPostprocessing = 0;
			shellPath = /bin/sh;
			shellScript = "set +e\nset -x\n# ================================================== info.plist prefix generator ==================================================\n# Re\ngrep -q \"^#define __HELPER_BUILD_NUMBER__\" $INFO_PLIST_HEADER_PATH && sed -i.bak \"s/^#define __HELPER_BUILD_NUMBER__ .*/#define __HELPER_BUILD_NUMBER__ $CURRENT_PROJECT_VERSION/\" $INFO_PLIST_HEADER_PATH\n[ $? -ne 0 ] && echo \"#define __HELPER_BUILD_NUMBER__ $CURRENT_PROJECT_VERSION\" >> $INFO_PLIST_HEADER_PATH\nexit 0\n";
		};
		DBD6D1D022588E3BF8B4E5C0 /* [CP] Check Pods Manifest.lock */ = {
			isa = PBXShellScriptBuildPhase;
			buildActionMask = 2147483647;
			files = (
			);
			inputFileListPaths = (
			);
			inputPaths = (
				"${PODS_PODFILE_DIR_PATH}/Podfile.lock",
				"${PODS_ROOT}/Manifest.lock",
			);
			name = "[CP] Check Pods Manifest.lock";
			outputFileListPaths = (
			);
			outputPaths = (
				"$(DERIVED_FILE_DIR)/Pods-free-sidecar-checkManifestLockResult.txt",
			);
			runOnlyForDeploymentPostprocessing = 0;
			shellPath = /bin/sh;
			shellScript = "diff \"${PODS_PODFILE_DIR_PATH}/Podfile.lock\" \"${PODS_ROOT}/Manifest.lock\" > /dev/null\nif [ $? != 0 ] ; then\n    # print error to STDERR\n    echo \"error: The sandbox is not in sync with the Podfile.lock. Run 'pod install' or update your CocoaPods installation.\" >&2\n    exit 1\nfi\n# This output is used by Xcode 'outputs' to avoid re-running this script phase.\necho \"SUCCESS\" > \"${SCRIPT_OUTPUT_FILE_0}\"\n";
			showEnvVarsInLog = 0;
		};
		F38A7091C6205842FCE08E13 /* [CP] Embed Pods Frameworks */ = {
			isa = PBXShellScriptBuildPhase;
			buildActionMask = 2147483647;
			files = (
			);
			inputFileListPaths = (
				"${PODS_ROOT}/Target Support Files/Pods-free-sidecar-free-sidecarUITests/Pods-free-sidecar-free-sidecarUITests-frameworks-${CONFIGURATION}-input-files.xcfilelist",
			);
			name = "[CP] Embed Pods Frameworks";
			outputFileListPaths = (
				"${PODS_ROOT}/Target Support Files/Pods-free-sidecar-free-sidecarUITests/Pods-free-sidecar-free-sidecarUITests-frameworks-${CONFIGURATION}-output-files.xcfilelist",
			);
			runOnlyForDeploymentPostprocessing = 0;
			shellPath = /bin/sh;
			shellScript = "\"${PODS_ROOT}/Target Support Files/Pods-free-sidecar-free-sidecarUITests/Pods-free-sidecar-free-sidecarUITests-frameworks.sh\"\n";
			showEnvVarsInLog = 0;
		};
/* End PBXShellScriptBuildPhase section */

/* Begin PBXSourcesBuildPhase section */
		B54B52742365100A00FF9CE3 /* Sources */ = {
			isa = PBXSourcesBuildPhase;
			buildActionMask = 2147483647;
			files = (
				B54B52AB2365122D00FF9CE3 /* utils.swift in Sources */,
				B54B527E2365100A00FF9CE3 /* ContentView.swift in Sources */,
				B552C782244613B700BC1368 /* SynchronizationUtils.swift in Sources */,
				B552C785244620D900BC1368 /* constants.swift in Sources */,
				B54B527C2365100A00FF9CE3 /* AppDelegate.swift in Sources */,
				B5DBC4E12446A4E80023FADA /* XPCUtils.swift in Sources */,
				B5DBC4DE2446A3E50023FADA /* XPCClient.swift in Sources */,
				B552C7802446104200BC1368 /* AuthorizationUtils.swift in Sources */,
			);
			runOnlyForDeploymentPostprocessing = 0;
		};
		B54B52892365100B00FF9CE3 /* Sources */ = {
			isa = PBXSourcesBuildPhase;
			buildActionMask = 2147483647;
			files = (
				B54B52922365100B00FF9CE3 /* free_sidecarTests.swift in Sources */,
			);
			runOnlyForDeploymentPostprocessing = 0;
		};
		B54B52942365100B00FF9CE3 /* Sources */ = {
			isa = PBXSourcesBuildPhase;
			buildActionMask = 2147483647;
			files = (
				B54B529D2365100B00FF9CE3 /* free_sidecarUITests.swift in Sources */,
			);
			runOnlyForDeploymentPostprocessing = 0;
		};
		B552C7562445845100BC1368 /* Sources */ = {
			isa = PBXSourcesBuildPhase;
			buildActionMask = 2147483647;
			files = (
				B552C75D2445845100BC1368 /* main.swift in Sources */,
				B5B869862446939F00628886 /* FreeSidecarHelperProtocol.swift in Sources */,
				B552C787244620D900BC1368 /* constants.swift in Sources */,
				B5B86988244693D700628886 /* FreeSidecarHelper.swift in Sources */,
			);
			runOnlyForDeploymentPostprocessing = 0;
		};
		B57DC8B824452E5B009E03EF /* Sources */ = {
			isa = PBXSourcesBuildPhase;
			buildActionMask = 2147483647;
			files = (
				B57DC8C324452E5B009E03EF /* main.swift in Sources */,
				B57DC8CE24453C81009E03EF /* FreeSidecarXPCProtocol.swift in Sources */,
				B552C783244613B700BC1368 /* SynchronizationUtils.swift in Sources */,
				B552C77F2446104100BC1368 /* AuthorizationUtils.swift in Sources */,
				B5C44FBA2447B79A007EB1BD /* XPCConstants.swift in Sources */,
				B5DBC4DF2446A3E50023FADA /* XPCClient.swift in Sources */,
				B5421DAC2446D4DF000FF7A3 /* XPCUtils.swift in Sources */,
				B57DC8C124452E5B009E03EF /* FreeSidecarXPC.swift in Sources */,
				B552C786244620D900BC1368 /* constants.swift in Sources */,
			);
			runOnlyForDeploymentPostprocessing = 0;
		};
/* End PBXSourcesBuildPhase section */

/* Begin PBXTargetDependency section */
		B54B528F2365100B00FF9CE3 /* PBXTargetDependency */ = {
			isa = PBXTargetDependency;
			target = B54B52772365100A00FF9CE3 /* free-sidecar */;
			targetProxy = B54B528E2365100B00FF9CE3 /* PBXContainerItemProxy */;
		};
		B54B529A2365100B00FF9CE3 /* PBXTargetDependency */ = {
			isa = PBXTargetDependency;
			target = B54B52772365100A00FF9CE3 /* free-sidecar */;
			targetProxy = B54B52992365100B00FF9CE3 /* PBXContainerItemProxy */;
		};
		B552C7632445867200BC1368 /* PBXTargetDependency */ = {
			isa = PBXTargetDependency;
			target = B552C7592445845100BC1368 /* free-sidecar-helper */;
			targetProxy = B552C7622445867200BC1368 /* PBXContainerItemProxy */;
		};
		B57DC8C624452E5C009E03EF /* PBXTargetDependency */ = {
			isa = PBXTargetDependency;
			target = B57DC8BB24452E5B009E03EF /* free-sidecar-xpc */;
			targetProxy = B57DC8C524452E5C009E03EF /* PBXContainerItemProxy */;
		};
/* End PBXTargetDependency section */

/* Begin PBXVariantGroup section */
		B54B52842365100B00FF9CE3 /* Main.storyboard */ = {
			isa = PBXVariantGroup;
			children = (
				B54B52852365100B00FF9CE3 /* Base */,
			);
			name = Main.storyboard;
			sourceTree = "<group>";
		};
/* End PBXVariantGroup section */

/* Begin XCBuildConfiguration section */
		B54B529F2365100B00FF9CE3 /* Debug */ = {
			isa = XCBuildConfiguration;
			buildSettings = {
				ALWAYS_SEARCH_USER_PATHS = NO;
				CLANG_ANALYZER_NONNULL = YES;
				CLANG_ANALYZER_NUMBER_OBJECT_CONVERSION = YES_AGGRESSIVE;
				CLANG_CXX_LANGUAGE_STANDARD = "gnu++14";
				CLANG_CXX_LIBRARY = "libc++";
				CLANG_ENABLE_MODULES = YES;
				CLANG_ENABLE_OBJC_ARC = YES;
				CLANG_ENABLE_OBJC_WEAK = YES;
				CLANG_WARN_BLOCK_CAPTURE_AUTORELEASING = YES;
				CLANG_WARN_BOOL_CONVERSION = YES;
				CLANG_WARN_COMMA = YES;
				CLANG_WARN_CONSTANT_CONVERSION = YES;
				CLANG_WARN_DEPRECATED_OBJC_IMPLEMENTATIONS = YES;
				CLANG_WARN_DIRECT_OBJC_ISA_USAGE = YES_ERROR;
				CLANG_WARN_DOCUMENTATION_COMMENTS = YES;
				CLANG_WARN_EMPTY_BODY = YES;
				CLANG_WARN_ENUM_CONVERSION = YES;
				CLANG_WARN_INFINITE_RECURSION = YES;
				CLANG_WARN_INT_CONVERSION = YES;
				CLANG_WARN_NON_LITERAL_NULL_CONVERSION = YES;
				CLANG_WARN_OBJC_IMPLICIT_RETAIN_SELF = YES;
				CLANG_WARN_OBJC_LITERAL_CONVERSION = YES;
				CLANG_WARN_OBJC_ROOT_CLASS = YES_ERROR;
				CLANG_WARN_RANGE_LOOP_ANALYSIS = YES;
				CLANG_WARN_STRICT_PROTOTYPES = YES;
				CLANG_WARN_SUSPICIOUS_MOVE = YES;
				CLANG_WARN_UNGUARDED_AVAILABILITY = YES_AGGRESSIVE;
				CLANG_WARN_UNREACHABLE_CODE = YES;
				CLANG_WARN__DUPLICATE_METHOD_MATCH = YES;
				CODE_SIGN_IDENTITY = "Apple Development";
				CODE_SIGN_STYLE = Automatic;
				COPY_PHASE_STRIP = NO;
				DEBUG_INFORMATION_FORMAT = dwarf;
				DEVELOPMENT_TEAM = PFCMT7RS6E;
				ENABLE_HARDENED_RUNTIME = YES;
				ENABLE_STRICT_OBJC_MSGSEND = YES;
				ENABLE_TESTABILITY = YES;
				GCC_C_LANGUAGE_STANDARD = gnu11;
				GCC_DYNAMIC_NO_PIC = NO;
				GCC_NO_COMMON_BLOCKS = YES;
				GCC_OPTIMIZATION_LEVEL = 0;
				GCC_PREPROCESSOR_DEFINITIONS = (
					"DEBUG=1",
					"$(inherited)",
				);
				GCC_WARN_64_TO_32_BIT_CONVERSION = YES;
				GCC_WARN_ABOUT_RETURN_TYPE = YES_ERROR;
				GCC_WARN_UNDECLARED_SELECTOR = YES;
				GCC_WARN_UNINITIALIZED_AUTOS = YES_AGGRESSIVE;
				GCC_WARN_UNUSED_FUNCTION = YES;
				GCC_WARN_UNUSED_VARIABLE = YES;
				HELPER_BUNDLE_ID = "ben-z.free-sidecar-helper";
				INFO_PLIST_HEADER_PATH = "$(BUILD_ROOT)/info-plist-headers.h";
				MACOSX_DEPLOYMENT_TARGET = 10.15;
				MTL_ENABLE_DEBUG_INFO = INCLUDE_SOURCE;
				MTL_FAST_MATH = YES;
				ONLY_ACTIVE_ARCH = YES;
				SDKROOT = macosx;
				SWIFT_ACTIVE_COMPILATION_CONDITIONS = DEBUG;
				SWIFT_OPTIMIZATION_LEVEL = "-Onone";
				XPC_BUNDLE_ID = "ben-z.free-sidecar-xpc";
			};
			name = Debug;
		};
		B54B52A02365100B00FF9CE3 /* Release */ = {
			isa = XCBuildConfiguration;
			buildSettings = {
				ALWAYS_SEARCH_USER_PATHS = NO;
				CLANG_ANALYZER_NONNULL = YES;
				CLANG_ANALYZER_NUMBER_OBJECT_CONVERSION = YES_AGGRESSIVE;
				CLANG_CXX_LANGUAGE_STANDARD = "gnu++14";
				CLANG_CXX_LIBRARY = "libc++";
				CLANG_ENABLE_MODULES = YES;
				CLANG_ENABLE_OBJC_ARC = YES;
				CLANG_ENABLE_OBJC_WEAK = YES;
				CLANG_WARN_BLOCK_CAPTURE_AUTORELEASING = YES;
				CLANG_WARN_BOOL_CONVERSION = YES;
				CLANG_WARN_COMMA = YES;
				CLANG_WARN_CONSTANT_CONVERSION = YES;
				CLANG_WARN_DEPRECATED_OBJC_IMPLEMENTATIONS = YES;
				CLANG_WARN_DIRECT_OBJC_ISA_USAGE = YES_ERROR;
				CLANG_WARN_DOCUMENTATION_COMMENTS = YES;
				CLANG_WARN_EMPTY_BODY = YES;
				CLANG_WARN_ENUM_CONVERSION = YES;
				CLANG_WARN_INFINITE_RECURSION = YES;
				CLANG_WARN_INT_CONVERSION = YES;
				CLANG_WARN_NON_LITERAL_NULL_CONVERSION = YES;
				CLANG_WARN_OBJC_IMPLICIT_RETAIN_SELF = YES;
				CLANG_WARN_OBJC_LITERAL_CONVERSION = YES;
				CLANG_WARN_OBJC_ROOT_CLASS = YES_ERROR;
				CLANG_WARN_RANGE_LOOP_ANALYSIS = YES;
				CLANG_WARN_STRICT_PROTOTYPES = YES;
				CLANG_WARN_SUSPICIOUS_MOVE = YES;
				CLANG_WARN_UNGUARDED_AVAILABILITY = YES_AGGRESSIVE;
				CLANG_WARN_UNREACHABLE_CODE = YES;
				CLANG_WARN__DUPLICATE_METHOD_MATCH = YES;
				CODE_SIGN_IDENTITY = "Apple Development";
				CODE_SIGN_STYLE = Automatic;
				COPY_PHASE_STRIP = NO;
				DEBUG_INFORMATION_FORMAT = "dwarf-with-dsym";
				DEVELOPMENT_TEAM = PFCMT7RS6E;
				ENABLE_HARDENED_RUNTIME = YES;
				ENABLE_NS_ASSERTIONS = NO;
				ENABLE_STRICT_OBJC_MSGSEND = YES;
				GCC_C_LANGUAGE_STANDARD = gnu11;
				GCC_NO_COMMON_BLOCKS = YES;
				GCC_WARN_64_TO_32_BIT_CONVERSION = YES;
				GCC_WARN_ABOUT_RETURN_TYPE = YES_ERROR;
				GCC_WARN_UNDECLARED_SELECTOR = YES;
				GCC_WARN_UNINITIALIZED_AUTOS = YES_AGGRESSIVE;
				GCC_WARN_UNUSED_FUNCTION = YES;
				GCC_WARN_UNUSED_VARIABLE = YES;
				HELPER_BUNDLE_ID = "ben-z.free-sidecar-helper";
				INFO_PLIST_HEADER_PATH = "$(BUILD_ROOT)/info-plist-headers.h";
				MACOSX_DEPLOYMENT_TARGET = 10.15;
				MTL_ENABLE_DEBUG_INFO = NO;
				MTL_FAST_MATH = YES;
				SDKROOT = macosx;
				SWIFT_COMPILATION_MODE = wholemodule;
				SWIFT_OPTIMIZATION_LEVEL = "-O";
				XPC_BUNDLE_ID = "ben-z.free-sidecar-xpc";
			};
			name = Release;
		};
		B54B52A22365100B00FF9CE3 /* Debug */ = {
			isa = XCBuildConfiguration;
			baseConfigurationReference = 823B4AE38882D3497703797A /* Pods-free-sidecar.debug.xcconfig */;
			buildSettings = {
				ASSETCATALOG_COMPILER_APPICON_NAME = AppIcon;
				CODE_SIGN_ENTITLEMENTS = "free-sidecar/free_sidecar.entitlements";
				COMBINE_HIDPI_IMAGES = YES;
				DEVELOPMENT_ASSET_PATHS = "\"free-sidecar/Preview Content\"";
				ENABLE_PREVIEWS = YES;
				INFOPLIST_FILE = "free-sidecar/Info.plist";
				LD_RUNPATH_SEARCH_PATHS = (
					"$(inherited)",
					"@executable_path/../Frameworks",
				);
				MACOSX_DEPLOYMENT_TARGET = 10.15;
				PRODUCT_BUNDLE_IDENTIFIER = "ben-z.free-sidecar";
				PRODUCT_NAME = "$(TARGET_NAME)";
				SWIFT_VERSION = 5.0;
			};
			name = Debug;
		};
		B54B52A32365100B00FF9CE3 /* Release */ = {
			isa = XCBuildConfiguration;
			baseConfigurationReference = 77CED4F02E7E8919E0A0635A /* Pods-free-sidecar.release.xcconfig */;
			buildSettings = {
				ASSETCATALOG_COMPILER_APPICON_NAME = AppIcon;
				CODE_SIGN_ENTITLEMENTS = "free-sidecar/free_sidecar.entitlements";
				COMBINE_HIDPI_IMAGES = YES;
				DEVELOPMENT_ASSET_PATHS = "\"free-sidecar/Preview Content\"";
				ENABLE_PREVIEWS = YES;
				INFOPLIST_FILE = "free-sidecar/Info.plist";
				LD_RUNPATH_SEARCH_PATHS = (
					"$(inherited)",
					"@executable_path/../Frameworks",
				);
				MACOSX_DEPLOYMENT_TARGET = 10.15;
				PRODUCT_BUNDLE_IDENTIFIER = "ben-z.free-sidecar";
				PRODUCT_NAME = "$(TARGET_NAME)";
				SWIFT_VERSION = 5.0;
			};
			name = Release;
		};
		B54B52A52365100B00FF9CE3 /* Debug */ = {
			isa = XCBuildConfiguration;
			baseConfigurationReference = 0B11179F5699B4FE32B00E7D /* Pods-free-sidecarTests.debug.xcconfig */;
			buildSettings = {
				ALWAYS_EMBED_SWIFT_STANDARD_LIBRARIES = YES;
				BUNDLE_LOADER = "$(TEST_HOST)";
				CODE_SIGN_STYLE = Automatic;
				COMBINE_HIDPI_IMAGES = YES;
				ENABLE_HARDENED_RUNTIME = NO;
				INFOPLIST_FILE = "free-sidecarTests/Info.plist";
				LD_RUNPATH_SEARCH_PATHS = (
					"$(inherited)",
					"@executable_path/../Frameworks",
					"@loader_path/../Frameworks",
				);
				MACOSX_DEPLOYMENT_TARGET = 10.15;
				PRODUCT_BUNDLE_IDENTIFIER = "benz.free-sidecarTests";
				PRODUCT_NAME = "$(TARGET_NAME)";
				SWIFT_VERSION = 5.0;
				TEST_HOST = "$(BUILT_PRODUCTS_DIR)/free-sidecar.app/Contents/MacOS/free-sidecar";
			};
			name = Debug;
		};
		B54B52A62365100B00FF9CE3 /* Release */ = {
			isa = XCBuildConfiguration;
			baseConfigurationReference = FB703C579BBA426AFDFE0CE1 /* Pods-free-sidecarTests.release.xcconfig */;
			buildSettings = {
				ALWAYS_EMBED_SWIFT_STANDARD_LIBRARIES = YES;
				BUNDLE_LOADER = "$(TEST_HOST)";
				CODE_SIGN_STYLE = Automatic;
				COMBINE_HIDPI_IMAGES = YES;
				ENABLE_HARDENED_RUNTIME = NO;
				INFOPLIST_FILE = "free-sidecarTests/Info.plist";
				LD_RUNPATH_SEARCH_PATHS = (
					"$(inherited)",
					"@executable_path/../Frameworks",
					"@loader_path/../Frameworks",
				);
				MACOSX_DEPLOYMENT_TARGET = 10.15;
				PRODUCT_BUNDLE_IDENTIFIER = "benz.free-sidecarTests";
				PRODUCT_NAME = "$(TARGET_NAME)";
				SWIFT_VERSION = 5.0;
				TEST_HOST = "$(BUILT_PRODUCTS_DIR)/free-sidecar.app/Contents/MacOS/free-sidecar";
			};
			name = Release;
		};
		B54B52A82365100B00FF9CE3 /* Debug */ = {
			isa = XCBuildConfiguration;
			baseConfigurationReference = 344048C13A2BAF0E7803BB80 /* Pods-free-sidecar-free-sidecarUITests.debug.xcconfig */;
			buildSettings = {
				ALWAYS_EMBED_SWIFT_STANDARD_LIBRARIES = YES;
				CODE_SIGN_STYLE = Automatic;
				COMBINE_HIDPI_IMAGES = YES;
				ENABLE_HARDENED_RUNTIME = NO;
				INFOPLIST_FILE = "free-sidecarUITests/Info.plist";
				LD_RUNPATH_SEARCH_PATHS = (
					"$(inherited)",
					"@executable_path/../Frameworks",
					"@loader_path/../Frameworks",
				);
				PRODUCT_BUNDLE_IDENTIFIER = "benz.free-sidecarUITests";
				PRODUCT_NAME = "$(TARGET_NAME)";
				SWIFT_VERSION = 5.0;
				TEST_TARGET_NAME = "free-sidecar";
			};
			name = Debug;
		};
		B54B52A92365100B00FF9CE3 /* Release */ = {
			isa = XCBuildConfiguration;
			baseConfigurationReference = A6B32D8346CA0DDB77551251 /* Pods-free-sidecar-free-sidecarUITests.release.xcconfig */;
			buildSettings = {
				ALWAYS_EMBED_SWIFT_STANDARD_LIBRARIES = YES;
				CODE_SIGN_STYLE = Automatic;
				COMBINE_HIDPI_IMAGES = YES;
				ENABLE_HARDENED_RUNTIME = NO;
				INFOPLIST_FILE = "free-sidecarUITests/Info.plist";
				LD_RUNPATH_SEARCH_PATHS = (
					"$(inherited)",
					"@executable_path/../Frameworks",
					"@loader_path/../Frameworks",
				);
				PRODUCT_BUNDLE_IDENTIFIER = "benz.free-sidecarUITests";
				PRODUCT_NAME = "$(TARGET_NAME)";
				SWIFT_VERSION = 5.0;
				TEST_TARGET_NAME = "free-sidecar";
			};
			name = Release;
		};
		B552C75E2445845100BC1368 /* Debug */ = {
			isa = XCBuildConfiguration;
			baseConfigurationReference = 60DA2FF73968CE3560CF756E /* Pods-free-sidecar-helper.debug.xcconfig */;
			buildSettings = {
				CODE_SIGN_ENTITLEMENTS = "free-sidecar-helper/ben-z.free-sidecar-helper.entitlements";
				CREATE_INFOPLIST_SECTION_IN_BINARY = YES;
				CURRENT_PROJECT_VERSION = 2;
				EXECUTABLE_PREFIX = "$(PRODUCT_BUNDLE_IDENTIFIER:base).";
				INFOPLIST_FILE = "free-sidecar-helper/Info.plist";
				INFOPLIST_OUTPUT_FORMAT = "same-as-input";
				LD_RUNPATH_SEARCH_PATHS = (
					"$(inherited)",
					"'@executable_path/../Frameworks'",
					"'@loader_path/Frameworks'",
					"@executable_path/../../../../Frameworks",
					"@executable_path/../../../../../../../Frameworks",
				);
				LIBRARY_SEARCH_PATHS = (
					"$(inherited)",
					"\"${PODS_CONFIGURATION_BUILD_DIR}/PromisesObjC\"",
					"\"${PODS_CONFIGURATION_BUILD_DIR}/PromisesSwift\"",
				);
				MARKETING_VERSION = 1.0.0;
				OTHER_LDFLAGS = (
					"-sectcreate",
					__TEXT,
					__launchd_plist,
					"$(SRCROOT)/free-sidecar-helper/Launchd.plist",
				);
				PRODUCT_BUNDLE_IDENTIFIER = "$(HELPER_BUNDLE_ID)";
				PRODUCT_MODULE_NAME = "$(TARGET_NAME:c99extidentifier)";
				PRODUCT_NAME = "$(TARGET_NAME)";
				SKIP_INSTALL = YES;
				SWIFT_VERSION = 5.0;
			};
			name = Debug;
		};
		B552C75F2445845100BC1368 /* Release */ = {
			isa = XCBuildConfiguration;
			baseConfigurationReference = 35283CCFF6F98451C0161AEE /* Pods-free-sidecar-helper.release.xcconfig */;
			buildSettings = {
				CODE_SIGN_ENTITLEMENTS = "free-sidecar-helper/ben-z.free-sidecar-helper.entitlements";
				CREATE_INFOPLIST_SECTION_IN_BINARY = YES;
				CURRENT_PROJECT_VERSION = 2;
				EXECUTABLE_PREFIX = "$(PRODUCT_BUNDLE_IDENTIFIER:base).";
				INFOPLIST_FILE = "free-sidecar-helper/Info.plist";
				INFOPLIST_OUTPUT_FORMAT = "same-as-input";
				LD_RUNPATH_SEARCH_PATHS = (
					"$(inherited)",
					"'@executable_path/../Frameworks'",
					"'@loader_path/Frameworks'",
					"@executable_path/../../../../Frameworks",
					"@executable_path/../../../../../../../Frameworks",
				);
				LIBRARY_SEARCH_PATHS = (
					"$(inherited)",
					"\"${PODS_CONFIGURATION_BUILD_DIR}/PromisesObjC\"",
					"\"${PODS_CONFIGURATION_BUILD_DIR}/PromisesSwift\"",
				);
				MARKETING_VERSION = 1.0.0;
				OTHER_LDFLAGS = (
					"-sectcreate",
					__TEXT,
					__launchd_plist,
					"$(SRCROOT)/free-sidecar-helper/Launchd.plist",
				);
				PRODUCT_BUNDLE_IDENTIFIER = "$(HELPER_BUNDLE_ID)";
				PRODUCT_MODULE_NAME = "$(TARGET_NAME:c99extidentifier)";
				PRODUCT_NAME = "$(TARGET_NAME)";
				SKIP_INSTALL = YES;
				SWIFT_VERSION = 5.0;
			};
			name = Release;
		};
		B57DC8C924452E5C009E03EF /* Debug */ = {
			isa = XCBuildConfiguration;
			baseConfigurationReference = 4C97C55B4F3C54EA5229EB8B /* Pods-free-sidecar-xpc.debug.xcconfig */;
			buildSettings = {
				COMBINE_HIDPI_IMAGES = YES;
				CURRENT_PROJECT_VERSION = 1;
				INFOPLIST_FILE = "free-sidecar-xpc/Info.plist";
				INFOPLIST_PREFIX_HEADER = "$(INFO_PLIST_HEADER_PATH)";
				INFOPLIST_PREPROCESS = YES;
				INFOPLIST_PREPROCESSOR_DEFINITIONS = "__HELPER_BUNDLE_ID__=$(HELPER_BUNDLE_ID)";
				LD_RUNPATH_SEARCH_PATHS = (
					"$(LD_RUNPATH_SEARCH_PATHS_$(IS_MACCATALYST)_$(_BOOL_$(SKIP_INSTALL)))",
					"@executable_path/../../../../Frameworks",
				);
				LIBRARY_SEARCH_PATHS = (
					"$(inherited)",
					"\"${PODS_CONFIGURATION_BUILD_DIR}/PromisesObjC\"",
					"\"${PODS_CONFIGURATION_BUILD_DIR}/PromisesSwift\"",
				);
				MARKETING_VERSION = 1.0.0;
				PRODUCT_BUNDLE_IDENTIFIER = "$(XPC_BUNDLE_ID)";
				PRODUCT_NAME = "$(TARGET_NAME)";
				SKIP_INSTALL = YES;
				SWIFT_VERSION = 5.0;
			};
			name = Debug;
		};
		B57DC8CA24452E5C009E03EF /* Release */ = {
			isa = XCBuildConfiguration;
			baseConfigurationReference = 70D054CAC2A459C83B1FB18B /* Pods-free-sidecar-xpc.release.xcconfig */;
			buildSettings = {
				COMBINE_HIDPI_IMAGES = YES;
				CURRENT_PROJECT_VERSION = 1;
				INFOPLIST_FILE = "free-sidecar-xpc/Info.plist";
				INFOPLIST_PREFIX_HEADER = "$(INFO_PLIST_HEADER_PATH)";
				INFOPLIST_PREPROCESS = YES;
				INFOPLIST_PREPROCESSOR_DEFINITIONS = "__HELPER_BUNDLE_ID__=$(HELPER_BUNDLE_ID)";
				LD_RUNPATH_SEARCH_PATHS = (
					"$(LD_RUNPATH_SEARCH_PATHS_$(IS_MACCATALYST)_$(_BOOL_$(SKIP_INSTALL)))",
					"@executable_path/../../../../Frameworks",
				);
				LIBRARY_SEARCH_PATHS = (
					"$(inherited)",
					"\"${PODS_CONFIGURATION_BUILD_DIR}/PromisesObjC\"",
					"\"${PODS_CONFIGURATION_BUILD_DIR}/PromisesSwift\"",
				);
				MARKETING_VERSION = 1.0.0;
				PRODUCT_BUNDLE_IDENTIFIER = "$(XPC_BUNDLE_ID)";
				PRODUCT_NAME = "$(TARGET_NAME)";
				SKIP_INSTALL = YES;
				SWIFT_VERSION = 5.0;
			};
			name = Release;
		};
/* End XCBuildConfiguration section */

/* Begin XCConfigurationList section */
		B54B52732365100A00FF9CE3 /* Build configuration list for PBXProject "free-sidecar" */ = {
			isa = XCConfigurationList;
			buildConfigurations = (
				B54B529F2365100B00FF9CE3 /* Debug */,
				B54B52A02365100B00FF9CE3 /* Release */,
			);
			defaultConfigurationIsVisible = 0;
			defaultConfigurationName = Release;
		};
		B54B52A12365100B00FF9CE3 /* Build configuration list for PBXNativeTarget "free-sidecar" */ = {
			isa = XCConfigurationList;
			buildConfigurations = (
				B54B52A22365100B00FF9CE3 /* Debug */,
				B54B52A32365100B00FF9CE3 /* Release */,
			);
			defaultConfigurationIsVisible = 0;
			defaultConfigurationName = Release;
		};
		B54B52A42365100B00FF9CE3 /* Build configuration list for PBXNativeTarget "free-sidecarTests" */ = {
			isa = XCConfigurationList;
			buildConfigurations = (
				B54B52A52365100B00FF9CE3 /* Debug */,
				B54B52A62365100B00FF9CE3 /* Release */,
			);
			defaultConfigurationIsVisible = 0;
			defaultConfigurationName = Release;
		};
		B54B52A72365100B00FF9CE3 /* Build configuration list for PBXNativeTarget "free-sidecarUITests" */ = {
			isa = XCConfigurationList;
			buildConfigurations = (
				B54B52A82365100B00FF9CE3 /* Debug */,
				B54B52A92365100B00FF9CE3 /* Release */,
			);
			defaultConfigurationIsVisible = 0;
			defaultConfigurationName = Release;
		};
		B552C7602445845100BC1368 /* Build configuration list for PBXNativeTarget "free-sidecar-helper" */ = {
			isa = XCConfigurationList;
			buildConfigurations = (
				B552C75E2445845100BC1368 /* Debug */,
				B552C75F2445845100BC1368 /* Release */,
			);
			defaultConfigurationIsVisible = 0;
			defaultConfigurationName = Release;
		};
		B57DC8C824452E5C009E03EF /* Build configuration list for PBXNativeTarget "free-sidecar-xpc" */ = {
			isa = XCConfigurationList;
			buildConfigurations = (
				B57DC8C924452E5C009E03EF /* Debug */,
				B57DC8CA24452E5C009E03EF /* Release */,
			);
			defaultConfigurationIsVisible = 0;
			defaultConfigurationName = Release;
		};
/* End XCConfigurationList section */
	};
	rootObject = B54B52702365100A00FF9CE3 /* Project object */;
}
