// !$*UTF8*$!
{
	archiveVersion = 1;
	classes = {
	};
	objectVersion = 50;
	objects = {

/* Begin PBXBuildFile section */
		2365A8B806423BE770169744 /* libPods-free-sidecar.a in Frameworks */ = {isa = PBXBuildFile; fileRef = C2CE323439CEA1CDD1BDF784 /* libPods-free-sidecar.a */; };
		7674D1D37918E2EC6FA9D1B8 /* libPods-free-sidecarTests.a in Frameworks */ = {isa = PBXBuildFile; fileRef = 0D291AD6C98EFBDB1F1D8E73 /* libPods-free-sidecarTests.a */; };
		98FD20FC2DF95DB855E09BE9 /* libPods-free-sidecarUITests.a in Frameworks */ = {isa = PBXBuildFile; fileRef = D73C228CAB7948A7EA0A5069 /* libPods-free-sidecarUITests.a */; };
		B54B527C2365100A00FF9CE3 /* AppDelegate.swift in Sources */ = {isa = PBXBuildFile; fileRef = B54B527B2365100A00FF9CE3 /* AppDelegate.swift */; };
		B54B527E2365100A00FF9CE3 /* ContentView.swift in Sources */ = {isa = PBXBuildFile; fileRef = B54B527D2365100A00FF9CE3 /* ContentView.swift */; };
		B54B52802365100B00FF9CE3 /* Assets.xcassets in Resources */ = {isa = PBXBuildFile; fileRef = B54B527F2365100B00FF9CE3 /* Assets.xcassets */; };
		B54B52832365100B00FF9CE3 /* Preview Assets.xcassets in Resources */ = {isa = PBXBuildFile; fileRef = B54B52822365100B00FF9CE3 /* Preview Assets.xcassets */; };
		B54B52862365100B00FF9CE3 /* Main.storyboard in Resources */ = {isa = PBXBuildFile; fileRef = B54B52842365100B00FF9CE3 /* Main.storyboard */; };
		B54B52922365100B00FF9CE3 /* free_sidecarTests.swift in Sources */ = {isa = PBXBuildFile; fileRef = B54B52912365100B00FF9CE3 /* free_sidecarTests.swift */; };
		B54B529D2365100B00FF9CE3 /* free_sidecarUITests.swift in Sources */ = {isa = PBXBuildFile; fileRef = B54B529C2365100B00FF9CE3 /* free_sidecarUITests.swift */; };
		B54B52AB2365122D00FF9CE3 /* utils.swift in Sources */ = {isa = PBXBuildFile; fileRef = B54B52AA2365122D00FF9CE3 /* utils.swift */; };
		B57DC8C124452E5B009E03EF /* FreeSidecarXPCDelegate.swift in Sources */ = {isa = PBXBuildFile; fileRef = B57DC8C024452E5B009E03EF /* FreeSidecarXPCDelegate.swift */; };
		B57DC8C324452E5B009E03EF /* main.swift in Sources */ = {isa = PBXBuildFile; fileRef = B57DC8C224452E5B009E03EF /* main.swift */; };
		B57DC8C724452E5C009E03EF /* free-sidecar-xpc.xpc in Embed XPC Services */ = {isa = PBXBuildFile; fileRef = B57DC8BC24452E5B009E03EF /* free-sidecar-xpc.xpc */; settings = {ATTRIBUTES = (RemoveHeadersOnCopy, ); }; };
		B57DC8CD244539BE009E03EF /* xpc-utils.swift in Sources */ = {isa = PBXBuildFile; fileRef = B57DC8CC244539BE009E03EF /* xpc-utils.swift */; };
		B57DC8CE24453C81009E03EF /* FreeSidecarXPCProtocol.swift in Sources */ = {isa = PBXBuildFile; fileRef = B57DC8BE24452E5B009E03EF /* FreeSidecarXPCProtocol.swift */; };
		B57DC8CF24453C81009E03EF /* FreeSidecarXPC.swift in Sources */ = {isa = PBXBuildFile; fileRef = B57DC8BF24452E5B009E03EF /* FreeSidecarXPC.swift */; };
		B5A9BCB92444B82200265279 /* compatibility in Resources */ = {isa = PBXBuildFile; fileRef = B5A9BCB82444B82200265279 /* compatibility */; };
		B670AD4E6F0D8ADEEA30E002 /* libPods-free-sidecar-xpc.a in Frameworks */ = {isa = PBXBuildFile; fileRef = 69229243AF76F3C9273623C9 /* libPods-free-sidecar-xpc.a */; };
/* End PBXBuildFile section */

/* Begin PBXContainerItemProxy section */
		B54B528E2365100B00FF9CE3 /* PBXContainerItemProxy */ = {
			isa = PBXContainerItemProxy;
			containerPortal = B54B52702365100A00FF9CE3 /* Project object */;
			proxyType = 1;
			remoteGlobalIDString = B54B52772365100A00FF9CE3;
			remoteInfo = "free-sidecar";
		};
		B54B52992365100B00FF9CE3 /* PBXContainerItemProxy */ = {
			isa = PBXContainerItemProxy;
			containerPortal = B54B52702365100A00FF9CE3 /* Project object */;
			proxyType = 1;
			remoteGlobalIDString = B54B52772365100A00FF9CE3;
			remoteInfo = "free-sidecar";
		};
		B57DC8C524452E5C009E03EF /* PBXContainerItemProxy */ = {
			isa = PBXContainerItemProxy;
			containerPortal = B54B52702365100A00FF9CE3 /* Project object */;
			proxyType = 1;
			remoteGlobalIDString = B57DC8BB24452E5B009E03EF;
			remoteInfo = "free-sidecar-xpc";
		};
/* End PBXContainerItemProxy section */

/* Begin PBXCopyFilesBuildPhase section */
		B57DC8CB24452E5C009E03EF /* Embed XPC Services */ = {
			isa = PBXCopyFilesBuildPhase;
			buildActionMask = 2147483647;
			dstPath = "$(CONTENTS_FOLDER_PATH)/XPCServices";
			dstSubfolderSpec = 16;
			files = (
				B57DC8C724452E5C009E03EF /* free-sidecar-xpc.xpc in Embed XPC Services */,
			);
			name = "Embed XPC Services";
			runOnlyForDeploymentPostprocessing = 0;
		};
/* End PBXCopyFilesBuildPhase section */

/* Begin PBXFileReference section */
		0D291AD6C98EFBDB1F1D8E73 /* libPods-free-sidecarTests.a */ = {isa = PBXFileReference; explicitFileType = archive.ar; includeInIndex = 0; path = "libPods-free-sidecarTests.a"; sourceTree = BUILT_PRODUCTS_DIR; };
		38B3B0E21E361DD39F329ECC /* Pods-free-sidecar.release.xcconfig */ = {isa = PBXFileReference; includeInIndex = 1; lastKnownFileType = text.xcconfig; name = "Pods-free-sidecar.release.xcconfig"; path = "Pods/Target Support Files/Pods-free-sidecar/Pods-free-sidecar.release.xcconfig"; sourceTree = "<group>"; };
		480C111D4F293CB80FFC4144 /* Pods-free-sidecar.debug.xcconfig */ = {isa = PBXFileReference; includeInIndex = 1; lastKnownFileType = text.xcconfig; name = "Pods-free-sidecar.debug.xcconfig"; path = "Pods/Target Support Files/Pods-free-sidecar/Pods-free-sidecar.debug.xcconfig"; sourceTree = "<group>"; };
		628287E4FDA2F63F9F6FAF98 /* Pods-free-sidecarTests.release.xcconfig */ = {isa = PBXFileReference; includeInIndex = 1; lastKnownFileType = text.xcconfig; name = "Pods-free-sidecarTests.release.xcconfig"; path = "Pods/Target Support Files/Pods-free-sidecarTests/Pods-free-sidecarTests.release.xcconfig"; sourceTree = "<group>"; };
		69229243AF76F3C9273623C9 /* libPods-free-sidecar-xpc.a */ = {isa = PBXFileReference; explicitFileType = archive.ar; includeInIndex = 0; path = "libPods-free-sidecar-xpc.a"; sourceTree = BUILT_PRODUCTS_DIR; };
		6D41BF75194D0E9B7B3B4913 /* Pods-free-sidecar-xpc.debug.xcconfig */ = {isa = PBXFileReference; includeInIndex = 1; lastKnownFileType = text.xcconfig; name = "Pods-free-sidecar-xpc.debug.xcconfig"; path = "Pods/Target Support Files/Pods-free-sidecar-xpc/Pods-free-sidecar-xpc.debug.xcconfig"; sourceTree = "<group>"; };
		7CEE281FC62ED0532519B44E /* Pods-free-sidecarUITests.release.xcconfig */ = {isa = PBXFileReference; includeInIndex = 1; lastKnownFileType = text.xcconfig; name = "Pods-free-sidecarUITests.release.xcconfig"; path = "Pods/Target Support Files/Pods-free-sidecarUITests/Pods-free-sidecarUITests.release.xcconfig"; sourceTree = "<group>"; };
		B54B52782365100A00FF9CE3 /* free-sidecar.app */ = {isa = PBXFileReference; explicitFileType = wrapper.application; includeInIndex = 0; path = "free-sidecar.app"; sourceTree = BUILT_PRODUCTS_DIR; };
		B54B527B2365100A00FF9CE3 /* AppDelegate.swift */ = {isa = PBXFileReference; lastKnownFileType = sourcecode.swift; path = AppDelegate.swift; sourceTree = "<group>"; };
		B54B527D2365100A00FF9CE3 /* ContentView.swift */ = {isa = PBXFileReference; lastKnownFileType = sourcecode.swift; path = ContentView.swift; sourceTree = "<group>"; };
		B54B527F2365100B00FF9CE3 /* Assets.xcassets */ = {isa = PBXFileReference; lastKnownFileType = folder.assetcatalog; path = Assets.xcassets; sourceTree = "<group>"; };
		B54B52822365100B00FF9CE3 /* Preview Assets.xcassets */ = {isa = PBXFileReference; lastKnownFileType = folder.assetcatalog; path = "Preview Assets.xcassets"; sourceTree = "<group>"; };
		B54B52852365100B00FF9CE3 /* Base */ = {isa = PBXFileReference; lastKnownFileType = file.storyboard; name = Base; path = Base.lproj/Main.storyboard; sourceTree = "<group>"; };
		B54B52872365100B00FF9CE3 /* Info.plist */ = {isa = PBXFileReference; lastKnownFileType = text.plist.xml; path = Info.plist; sourceTree = "<group>"; };
		B54B52882365100B00FF9CE3 /* free_sidecar.entitlements */ = {isa = PBXFileReference; lastKnownFileType = text.plist.entitlements; path = free_sidecar.entitlements; sourceTree = "<group>"; };
		B54B528D2365100B00FF9CE3 /* free-sidecarTests.xctest */ = {isa = PBXFileReference; explicitFileType = wrapper.cfbundle; includeInIndex = 0; path = "free-sidecarTests.xctest"; sourceTree = BUILT_PRODUCTS_DIR; };
		B54B52912365100B00FF9CE3 /* free_sidecarTests.swift */ = {isa = PBXFileReference; lastKnownFileType = sourcecode.swift; path = free_sidecarTests.swift; sourceTree = "<group>"; };
		B54B52932365100B00FF9CE3 /* Info.plist */ = {isa = PBXFileReference; lastKnownFileType = text.plist.xml; path = Info.plist; sourceTree = "<group>"; };
		B54B52982365100B00FF9CE3 /* free-sidecarUITests.xctest */ = {isa = PBXFileReference; explicitFileType = wrapper.cfbundle; includeInIndex = 0; path = "free-sidecarUITests.xctest"; sourceTree = BUILT_PRODUCTS_DIR; };
		B54B529C2365100B00FF9CE3 /* free_sidecarUITests.swift */ = {isa = PBXFileReference; lastKnownFileType = sourcecode.swift; path = free_sidecarUITests.swift; sourceTree = "<group>"; };
		B54B529E2365100B00FF9CE3 /* Info.plist */ = {isa = PBXFileReference; lastKnownFileType = text.plist.xml; path = Info.plist; sourceTree = "<group>"; };
		B54B52AA2365122D00FF9CE3 /* utils.swift */ = {isa = PBXFileReference; lastKnownFileType = sourcecode.swift; path = utils.swift; sourceTree = "<group>"; };
		B57DC8BC24452E5B009E03EF /* free-sidecar-xpc.xpc */ = {isa = PBXFileReference; explicitFileType = "wrapper.xpc-service"; includeInIndex = 0; path = "free-sidecar-xpc.xpc"; sourceTree = BUILT_PRODUCTS_DIR; };
		B57DC8BE24452E5B009E03EF /* FreeSidecarXPCProtocol.swift */ = {isa = PBXFileReference; lastKnownFileType = sourcecode.swift; path = FreeSidecarXPCProtocol.swift; sourceTree = "<group>"; };
		B57DC8BF24452E5B009E03EF /* FreeSidecarXPC.swift */ = {isa = PBXFileReference; lastKnownFileType = sourcecode.swift; path = FreeSidecarXPC.swift; sourceTree = "<group>"; };
		B57DC8C024452E5B009E03EF /* FreeSidecarXPCDelegate.swift */ = {isa = PBXFileReference; lastKnownFileType = sourcecode.swift; path = FreeSidecarXPCDelegate.swift; sourceTree = "<group>"; };
		B57DC8C224452E5B009E03EF /* main.swift */ = {isa = PBXFileReference; lastKnownFileType = sourcecode.swift; path = main.swift; sourceTree = "<group>"; };
		B57DC8C424452E5B009E03EF /* Info.plist */ = {isa = PBXFileReference; lastKnownFileType = text.plist.xml; path = Info.plist; sourceTree = "<group>"; };
		B57DC8CC244539BE009E03EF /* xpc-utils.swift */ = {isa = PBXFileReference; lastKnownFileType = sourcecode.swift; path = "xpc-utils.swift"; sourceTree = "<group>"; };
		B5A9BCB82444B82200265279 /* compatibility */ = {isa = PBXFileReference; fileEncoding = 4; lastKnownFileType = folder; name = compatibility; path = "free-sidecar/compatibility"; sourceTree = SOURCE_ROOT; };
		B5AC7B70244427F900E6E4EF /* v2.playground */ = {isa = PBXFileReference; lastKnownFileType = file.playground; path = v2.playground; sourceTree = SOURCE_ROOT; xcLanguageSpecificationIdentifier = xcode.lang.swift; };
		BE1E5FFE457A5DA3221A108A /* Pods-free-sidecarUITests.debug.xcconfig */ = {isa = PBXFileReference; includeInIndex = 1; lastKnownFileType = text.xcconfig; name = "Pods-free-sidecarUITests.debug.xcconfig"; path = "Pods/Target Support Files/Pods-free-sidecarUITests/Pods-free-sidecarUITests.debug.xcconfig"; sourceTree = "<group>"; };
		C2CE323439CEA1CDD1BDF784 /* libPods-free-sidecar.a */ = {isa = PBXFileReference; explicitFileType = archive.ar; includeInIndex = 0; path = "libPods-free-sidecar.a"; sourceTree = BUILT_PRODUCTS_DIR; };
		D2A74054836740A598F45C29 /* Pods-free-sidecar-xpc.release.xcconfig */ = {isa = PBXFileReference; includeInIndex = 1; lastKnownFileType = text.xcconfig; name = "Pods-free-sidecar-xpc.release.xcconfig"; path = "Pods/Target Support Files/Pods-free-sidecar-xpc/Pods-free-sidecar-xpc.release.xcconfig"; sourceTree = "<group>"; };
		D73C228CAB7948A7EA0A5069 /* libPods-free-sidecarUITests.a */ = {isa = PBXFileReference; explicitFileType = archive.ar; includeInIndex = 0; path = "libPods-free-sidecarUITests.a"; sourceTree = BUILT_PRODUCTS_DIR; };
		FFB2858B480CF019F87F589D /* Pods-free-sidecarTests.debug.xcconfig */ = {isa = PBXFileReference; includeInIndex = 1; lastKnownFileType = text.xcconfig; name = "Pods-free-sidecarTests.debug.xcconfig"; path = "Pods/Target Support Files/Pods-free-sidecarTests/Pods-free-sidecarTests.debug.xcconfig"; sourceTree = "<group>"; };
/* End PBXFileReference section */

/* Begin PBXFrameworksBuildPhase section */
		B54B52752365100A00FF9CE3 /* Frameworks */ = {
			isa = PBXFrameworksBuildPhase;
			buildActionMask = 2147483647;
			files = (
				2365A8B806423BE770169744 /* libPods-free-sidecar.a in Frameworks */,
			);
			runOnlyForDeploymentPostprocessing = 0;
		};
		B54B528A2365100B00FF9CE3 /* Frameworks */ = {
			isa = PBXFrameworksBuildPhase;
			buildActionMask = 2147483647;
			files = (
				7674D1D37918E2EC6FA9D1B8 /* libPods-free-sidecarTests.a in Frameworks */,
			);
			runOnlyForDeploymentPostprocessing = 0;
		};
		B54B52952365100B00FF9CE3 /* Frameworks */ = {
			isa = PBXFrameworksBuildPhase;
			buildActionMask = 2147483647;
			files = (
				98FD20FC2DF95DB855E09BE9 /* libPods-free-sidecarUITests.a in Frameworks */,
			);
			runOnlyForDeploymentPostprocessing = 0;
		};
		B57DC8B924452E5B009E03EF /* Frameworks */ = {
			isa = PBXFrameworksBuildPhase;
			buildActionMask = 2147483647;
			files = (
				B670AD4E6F0D8ADEEA30E002 /* libPods-free-sidecar-xpc.a in Frameworks */,
			);
			runOnlyForDeploymentPostprocessing = 0;
		};
/* End PBXFrameworksBuildPhase section */

/* Begin PBXGroup section */
		3A5DFD295BBBF668333C288D /* Pods */ = {
			isa = PBXGroup;
			children = (
				480C111D4F293CB80FFC4144 /* Pods-free-sidecar.debug.xcconfig */,
				38B3B0E21E361DD39F329ECC /* Pods-free-sidecar.release.xcconfig */,
				FFB2858B480CF019F87F589D /* Pods-free-sidecarTests.debug.xcconfig */,
				628287E4FDA2F63F9F6FAF98 /* Pods-free-sidecarTests.release.xcconfig */,
				BE1E5FFE457A5DA3221A108A /* Pods-free-sidecarUITests.debug.xcconfig */,
				7CEE281FC62ED0532519B44E /* Pods-free-sidecarUITests.release.xcconfig */,
				6D41BF75194D0E9B7B3B4913 /* Pods-free-sidecar-xpc.debug.xcconfig */,
				D2A74054836740A598F45C29 /* Pods-free-sidecar-xpc.release.xcconfig */,
			);
			name = Pods;
			sourceTree = "<group>";
		};
		40C74B8866B29AB55D99E062 /* Frameworks */ = {
			isa = PBXGroup;
			children = (
				C2CE323439CEA1CDD1BDF784 /* libPods-free-sidecar.a */,
				69229243AF76F3C9273623C9 /* libPods-free-sidecar-xpc.a */,
				0D291AD6C98EFBDB1F1D8E73 /* libPods-free-sidecarTests.a */,
				D73C228CAB7948A7EA0A5069 /* libPods-free-sidecarUITests.a */,
			);
			name = Frameworks;
			sourceTree = "<group>";
		};
		B54B526F2365100A00FF9CE3 = {
			isa = PBXGroup;
			children = (
				B54B527A2365100A00FF9CE3 /* free-sidecar */,
				B54B52902365100B00FF9CE3 /* free-sidecarTests */,
				B54B529B2365100B00FF9CE3 /* free-sidecarUITests */,
				B57DC8BD24452E5B009E03EF /* free-sidecar-xpc */,
				B54B52792365100A00FF9CE3 /* Products */,
				3A5DFD295BBBF668333C288D /* Pods */,
				40C74B8866B29AB55D99E062 /* Frameworks */,
			);
			sourceTree = "<group>";
		};
		B54B52792365100A00FF9CE3 /* Products */ = {
			isa = PBXGroup;
			children = (
				B54B52782365100A00FF9CE3 /* free-sidecar.app */,
				B54B528D2365100B00FF9CE3 /* free-sidecarTests.xctest */,
				B54B52982365100B00FF9CE3 /* free-sidecarUITests.xctest */,
				B57DC8BC24452E5B009E03EF /* free-sidecar-xpc.xpc */,
			);
			name = Products;
			sourceTree = "<group>";
		};
		B54B527A2365100A00FF9CE3 /* free-sidecar */ = {
			isa = PBXGroup;
			children = (
				B5AC7B70244427F900E6E4EF /* v2.playground */,
				B54B527B2365100A00FF9CE3 /* AppDelegate.swift */,
				B54B527D2365100A00FF9CE3 /* ContentView.swift */,
				B54B52AA2365122D00FF9CE3 /* utils.swift */,
				B57DC8CC244539BE009E03EF /* xpc-utils.swift */,
				B54B527F2365100B00FF9CE3 /* Assets.xcassets */,
				B54B52842365100B00FF9CE3 /* Main.storyboard */,
				B54B52872365100B00FF9CE3 /* Info.plist */,
				B54B52882365100B00FF9CE3 /* free_sidecar.entitlements */,
				B5A9BCB82444B82200265279 /* compatibility */,
				B54B52812365100B00FF9CE3 /* Preview Content */,
			);
			path = "free-sidecar";
			sourceTree = "<group>";
		};
		B54B52812365100B00FF9CE3 /* Preview Content */ = {
			isa = PBXGroup;
			children = (
				B54B52822365100B00FF9CE3 /* Preview Assets.xcassets */,
			);
			path = "Preview Content";
			sourceTree = "<group>";
		};
		B54B52902365100B00FF9CE3 /* free-sidecarTests */ = {
			isa = PBXGroup;
			children = (
				B54B52912365100B00FF9CE3 /* free_sidecarTests.swift */,
				B54B52932365100B00FF9CE3 /* Info.plist */,
			);
			path = "free-sidecarTests";
			sourceTree = "<group>";
		};
		B54B529B2365100B00FF9CE3 /* free-sidecarUITests */ = {
			isa = PBXGroup;
			children = (
				B54B529C2365100B00FF9CE3 /* free_sidecarUITests.swift */,
				B54B529E2365100B00FF9CE3 /* Info.plist */,
			);
			path = "free-sidecarUITests";
			sourceTree = "<group>";
		};
		B57DC8BD24452E5B009E03EF /* free-sidecar-xpc */ = {
			isa = PBXGroup;
			children = (
				B57DC8BE24452E5B009E03EF /* FreeSidecarXPCProtocol.swift */,
				B57DC8BF24452E5B009E03EF /* FreeSidecarXPC.swift */,
				B57DC8C024452E5B009E03EF /* FreeSidecarXPCDelegate.swift */,
				B57DC8C224452E5B009E03EF /* main.swift */,
				B57DC8C424452E5B009E03EF /* Info.plist */,
			);
			path = "free-sidecar-xpc";
			sourceTree = "<group>";
		};
/* End PBXGroup section */

/* Begin PBXNativeTarget section */
		B54B52772365100A00FF9CE3 /* free-sidecar */ = {
			isa = PBXNativeTarget;
			buildConfigurationList = B54B52A12365100B00FF9CE3 /* Build configuration list for PBXNativeTarget "free-sidecar" */;
			buildPhases = (
				09F0F12418697C304EEA32AA /* [CP] Check Pods Manifest.lock */,
				B54B52742365100A00FF9CE3 /* Sources */,
				B54B52752365100A00FF9CE3 /* Frameworks */,
				B54B52762365100A00FF9CE3 /* Resources */,
				B57DC8CB24452E5C009E03EF /* Embed XPC Services */,
			);
			buildRules = (
			);
			dependencies = (
				B57DC8C624452E5C009E03EF /* PBXTargetDependency */,
			);
			name = "free-sidecar";
			productName = "free-sidecar";
			productReference = B54B52782365100A00FF9CE3 /* free-sidecar.app */;
			productType = "com.apple.product-type.application";
		};
		B54B528C2365100B00FF9CE3 /* free-sidecarTests */ = {
			isa = PBXNativeTarget;
			buildConfigurationList = B54B52A42365100B00FF9CE3 /* Build configuration list for PBXNativeTarget "free-sidecarTests" */;
			buildPhases = (
				7752F2AF73DFFD5B164B2E0D /* [CP] Check Pods Manifest.lock */,
				B54B52892365100B00FF9CE3 /* Sources */,
				B54B528A2365100B00FF9CE3 /* Frameworks */,
				B54B528B2365100B00FF9CE3 /* Resources */,
			);
			buildRules = (
			);
			dependencies = (
				B54B528F2365100B00FF9CE3 /* PBXTargetDependency */,
			);
			name = "free-sidecarTests";
			productName = "free-sidecarTests";
			productReference = B54B528D2365100B00FF9CE3 /* free-sidecarTests.xctest */;
			productType = "com.apple.product-type.bundle.unit-test";
		};
		B54B52972365100B00FF9CE3 /* free-sidecarUITests */ = {
			isa = PBXNativeTarget;
			buildConfigurationList = B54B52A72365100B00FF9CE3 /* Build configuration list for PBXNativeTarget "free-sidecarUITests" */;
			buildPhases = (
				B1E8819E52B790CAE89B28A2 /* [CP] Check Pods Manifest.lock */,
				B54B52942365100B00FF9CE3 /* Sources */,
				B54B52952365100B00FF9CE3 /* Frameworks */,
				B54B52962365100B00FF9CE3 /* Resources */,
			);
			buildRules = (
			);
			dependencies = (
				B54B529A2365100B00FF9CE3 /* PBXTargetDependency */,
			);
			name = "free-sidecarUITests";
			productName = "free-sidecarUITests";
			productReference = B54B52982365100B00FF9CE3 /* free-sidecarUITests.xctest */;
			productType = "com.apple.product-type.bundle.ui-testing";
		};
		B57DC8BB24452E5B009E03EF /* free-sidecar-xpc */ = {
			isa = PBXNativeTarget;
			buildConfigurationList = B57DC8C824452E5C009E03EF /* Build configuration list for PBXNativeTarget "free-sidecar-xpc" */;
			buildPhases = (
				1091F983D2774B7B89C3C986 /* [CP] Check Pods Manifest.lock */,
				B57DC8B824452E5B009E03EF /* Sources */,
				B57DC8B924452E5B009E03EF /* Frameworks */,
				B57DC8BA24452E5B009E03EF /* Resources */,
			);
			buildRules = (
			);
			dependencies = (
			);
			name = "free-sidecar-xpc";
			productName = "free-sidecar-xpc";
			productReference = B57DC8BC24452E5B009E03EF /* free-sidecar-xpc.xpc */;
			productType = "com.apple.product-type.xpc-service";
		};
/* End PBXNativeTarget section */

/* Begin PBXProject section */
		B54B52702365100A00FF9CE3 /* Project object */ = {
			isa = PBXProject;
			attributes = {
				LastSwiftUpdateCheck = 1110;
				LastUpgradeCheck = 1140;
				ORGANIZATIONNAME = "Ben Zhang";
				TargetAttributes = {
					B54B52772365100A00FF9CE3 = {
						CreatedOnToolsVersion = 11.1;
					};
					B54B528C2365100B00FF9CE3 = {
						CreatedOnToolsVersion = 11.1;
						TestTargetID = B54B52772365100A00FF9CE3;
					};
					B54B52972365100B00FF9CE3 = {
						CreatedOnToolsVersion = 11.1;
						TestTargetID = B54B52772365100A00FF9CE3;
					};
					B57DC8BB24452E5B009E03EF = {
						CreatedOnToolsVersion = 11.4;
					};
				};
			};
			buildConfigurationList = B54B52732365100A00FF9CE3 /* Build configuration list for PBXProject "free-sidecar" */;
			compatibilityVersion = "Xcode 9.3";
			developmentRegion = en;
			hasScannedForEncodings = 0;
			knownRegions = (
				en,
				Base,
			);
			mainGroup = B54B526F2365100A00FF9CE3;
			productRefGroup = B54B52792365100A00FF9CE3 /* Products */;
			projectDirPath = "";
			projectRoot = "";
			targets = (
				B54B52772365100A00FF9CE3 /* free-sidecar */,
				B54B528C2365100B00FF9CE3 /* free-sidecarTests */,
				B54B52972365100B00FF9CE3 /* free-sidecarUITests */,
				B57DC8BB24452E5B009E03EF /* free-sidecar-xpc */,
			);
		};
/* End PBXProject section */

/* Begin PBXResourcesBuildPhase section */
		B54B52762365100A00FF9CE3 /* Resources */ = {
			isa = PBXResourcesBuildPhase;
			buildActionMask = 2147483647;
			files = (
				B54B52862365100B00FF9CE3 /* Main.storyboard in Resources */,
				B54B52832365100B00FF9CE3 /* Preview Assets.xcassets in Resources */,
				B54B52802365100B00FF9CE3 /* Assets.xcassets in Resources */,
				B5A9BCB92444B82200265279 /* compatibility in Resources */,
			);
			runOnlyForDeploymentPostprocessing = 0;
		};
		B54B528B2365100B00FF9CE3 /* Resources */ = {
			isa = PBXResourcesBuildPhase;
			buildActionMask = 2147483647;
			files = (
			);
			runOnlyForDeploymentPostprocessing = 0;
		};
		B54B52962365100B00FF9CE3 /* Resources */ = {
			isa = PBXResourcesBuildPhase;
			buildActionMask = 2147483647;
			files = (
			);
			runOnlyForDeploymentPostprocessing = 0;
		};
		B57DC8BA24452E5B009E03EF /* Resources */ = {
			isa = PBXResourcesBuildPhase;
			buildActionMask = 2147483647;
			files = (
			);
			runOnlyForDeploymentPostprocessing = 0;
		};
/* End PBXResourcesBuildPhase section */

/* Begin PBXShellScriptBuildPhase section */
		09F0F12418697C304EEA32AA /* [CP] Check Pods Manifest.lock */ = {
			isa = PBXShellScriptBuildPhase;
			buildActionMask = 2147483647;
			files = (
			);
			inputPaths = (
				"${PODS_PODFILE_DIR_PATH}/Podfile.lock",
				"${PODS_ROOT}/Manifest.lock",
			);
			name = "[CP] Check Pods Manifest.lock";
			outputPaths = (
				"$(DERIVED_FILE_DIR)/Pods-free-sidecar-checkManifestLockResult.txt",
			);
			runOnlyForDeploymentPostprocessing = 0;
			shellPath = /bin/sh;
			shellScript = "diff \"${PODS_PODFILE_DIR_PATH}/Podfile.lock\" \"${PODS_ROOT}/Manifest.lock\" > /dev/null\nif [ $? != 0 ] ; then\n    # print error to STDERR\n    echo \"error: The sandbox is not in sync with the Podfile.lock. Run 'pod install' or update your CocoaPods installation.\" >&2\n    exit 1\nfi\n# This output is used by Xcode 'outputs' to avoid re-running this script phase.\necho \"SUCCESS\" > \"${SCRIPT_OUTPUT_FILE_0}\"\n";
			showEnvVarsInLog = 0;
		};
		1091F983D2774B7B89C3C986 /* [CP] Check Pods Manifest.lock */ = {
			isa = PBXShellScriptBuildPhase;
			buildActionMask = 2147483647;
			files = (
			);
			inputFileListPaths = (
			);
			inputPaths = (
				"${PODS_PODFILE_DIR_PATH}/Podfile.lock",
				"${PODS_ROOT}/Manifest.lock",
			);
			name = "[CP] Check Pods Manifest.lock";
			outputFileListPaths = (
			);
			outputPaths = (
				"$(DERIVED_FILE_DIR)/Pods-free-sidecar-xpc-checkManifestLockResult.txt",
			);
			runOnlyForDeploymentPostprocessing = 0;
			shellPath = /bin/sh;
			shellScript = "diff \"${PODS_PODFILE_DIR_PATH}/Podfile.lock\" \"${PODS_ROOT}/Manifest.lock\" > /dev/null\nif [ $? != 0 ] ; then\n    # print error to STDERR\n    echo \"error: The sandbox is not in sync with the Podfile.lock. Run 'pod install' or update your CocoaPods installation.\" >&2\n    exit 1\nfi\n# This output is used by Xcode 'outputs' to avoid re-running this script phase.\necho \"SUCCESS\" > \"${SCRIPT_OUTPUT_FILE_0}\"\n";
			showEnvVarsInLog = 0;
		};
		7752F2AF73DFFD5B164B2E0D /* [CP] Check Pods Manifest.lock */ = {
			isa = PBXShellScriptBuildPhase;
			buildActionMask = 2147483647;
			files = (
			);
			inputPaths = (
				"${PODS_PODFILE_DIR_PATH}/Podfile.lock",
				"${PODS_ROOT}/Manifest.lock",
			);
			name = "[CP] Check Pods Manifest.lock";
			outputPaths = (
				"$(DERIVED_FILE_DIR)/Pods-free-sidecarTests-checkManifestLockResult.txt",
			);
			runOnlyForDeploymentPostprocessing = 0;
			shellPath = /bin/sh;
			shellScript = "diff \"${PODS_PODFILE_DIR_PATH}/Podfile.lock\" \"${PODS_ROOT}/Manifest.lock\" > /dev/null\nif [ $? != 0 ] ; then\n    # print error to STDERR\n    echo \"error: The sandbox is not in sync with the Podfile.lock. Run 'pod install' or update your CocoaPods installation.\" >&2\n    exit 1\nfi\n# This output is used by Xcode 'outputs' to avoid re-running this script phase.\necho \"SUCCESS\" > \"${SCRIPT_OUTPUT_FILE_0}\"\n";
			showEnvVarsInLog = 0;
		};
		B1E8819E52B790CAE89B28A2 /* [CP] Check Pods Manifest.lock */ = {
			isa = PBXShellScriptBuildPhase;
			buildActionMask = 2147483647;
			files = (
			);
			inputPaths = (
				"${PODS_PODFILE_DIR_PATH}/Podfile.lock",
				"${PODS_ROOT}/Manifest.lock",
			);
			name = "[CP] Check Pods Manifest.lock";
			outputPaths = (
				"$(DERIVED_FILE_DIR)/Pods-free-sidecarUITests-checkManifestLockResult.txt",
			);
			runOnlyForDeploymentPostprocessing = 0;
			shellPath = /bin/sh;
			shellScript = "diff \"${PODS_PODFILE_DIR_PATH}/Podfile.lock\" \"${PODS_ROOT}/Manifest.lock\" > /dev/null\nif [ $? != 0 ] ; then\n    # print error to STDERR\n    echo \"error: The sandbox is not in sync with the Podfile.lock. Run 'pod install' or update your CocoaPods installation.\" >&2\n    exit 1\nfi\n# This output is used by Xcode 'outputs' to avoid re-running this script phase.\necho \"SUCCESS\" > \"${SCRIPT_OUTPUT_FILE_0}\"\n";
			showEnvVarsInLog = 0;
		};
/* End PBXShellScriptBuildPhase section */

/* Begin PBXSourcesBuildPhase section */
		B54B52742365100A00FF9CE3 /* Sources */ = {
			isa = PBXSourcesBuildPhase;
			buildActionMask = 2147483647;
			files = (
				B54B52AB2365122D00FF9CE3 /* utils.swift in Sources */,
				B54B527E2365100A00FF9CE3 /* ContentView.swift in Sources */,
				B54B527C2365100A00FF9CE3 /* AppDelegate.swift in Sources */,
				B57DC8CD244539BE009E03EF /* xpc-utils.swift in Sources */,
			);
			runOnlyForDeploymentPostprocessing = 0;
		};
		B54B52892365100B00FF9CE3 /* Sources */ = {
			isa = PBXSourcesBuildPhase;
			buildActionMask = 2147483647;
			files = (
				B54B52922365100B00FF9CE3 /* free_sidecarTests.swift in Sources */,
			);
			runOnlyForDeploymentPostprocessing = 0;
		};
		B54B52942365100B00FF9CE3 /* Sources */ = {
			isa = PBXSourcesBuildPhase;
			buildActionMask = 2147483647;
			files = (
				B54B529D2365100B00FF9CE3 /* free_sidecarUITests.swift in Sources */,
			);
			runOnlyForDeploymentPostprocessing = 0;
		};
		B57DC8B824452E5B009E03EF /* Sources */ = {
			isa = PBXSourcesBuildPhase;
			buildActionMask = 2147483647;
			files = (
				B57DC8C324452E5B009E03EF /* main.swift in Sources */,
				B57DC8CE24453C81009E03EF /* FreeSidecarXPCProtocol.swift in Sources */,
				B57DC8CF24453C81009E03EF /* FreeSidecarXPC.swift in Sources */,
				B57DC8C124452E5B009E03EF /* FreeSidecarXPCDelegate.swift in Sources */,
			);
			runOnlyForDeploymentPostprocessing = 0;
		};
/* End PBXSourcesBuildPhase section */

/* Begin PBXTargetDependency section */
		B54B528F2365100B00FF9CE3 /* PBXTargetDependency */ = {
			isa = PBXTargetDependency;
			target = B54B52772365100A00FF9CE3 /* free-sidecar */;
			targetProxy = B54B528E2365100B00FF9CE3 /* PBXContainerItemProxy */;
		};
		B54B529A2365100B00FF9CE3 /* PBXTargetDependency */ = {
			isa = PBXTargetDependency;
			target = B54B52772365100A00FF9CE3 /* free-sidecar */;
			targetProxy = B54B52992365100B00FF9CE3 /* PBXContainerItemProxy */;
		};
		B57DC8C624452E5C009E03EF /* PBXTargetDependency */ = {
			isa = PBXTargetDependency;
			target = B57DC8BB24452E5B009E03EF /* free-sidecar-xpc */;
			targetProxy = B57DC8C524452E5C009E03EF /* PBXContainerItemProxy */;
		};
/* End PBXTargetDependency section */

/* Begin PBXVariantGroup section */
		B54B52842365100B00FF9CE3 /* Main.storyboard */ = {
			isa = PBXVariantGroup;
			children = (
				B54B52852365100B00FF9CE3 /* Base */,
			);
			name = Main.storyboard;
			sourceTree = "<group>";
		};
/* End PBXVariantGroup section */

/* Begin XCBuildConfiguration section */
		B54B529F2365100B00FF9CE3 /* Debug */ = {
			isa = XCBuildConfiguration;
			buildSettings = {
				ALWAYS_SEARCH_USER_PATHS = NO;
				CLANG_ANALYZER_NONNULL = YES;
				CLANG_ANALYZER_NUMBER_OBJECT_CONVERSION = YES_AGGRESSIVE;
				CLANG_CXX_LANGUAGE_STANDARD = "gnu++14";
				CLANG_CXX_LIBRARY = "libc++";
				CLANG_ENABLE_MODULES = YES;
				CLANG_ENABLE_OBJC_ARC = YES;
				CLANG_ENABLE_OBJC_WEAK = YES;
				CLANG_WARN_BLOCK_CAPTURE_AUTORELEASING = YES;
				CLANG_WARN_BOOL_CONVERSION = YES;
				CLANG_WARN_COMMA = YES;
				CLANG_WARN_CONSTANT_CONVERSION = YES;
				CLANG_WARN_DEPRECATED_OBJC_IMPLEMENTATIONS = YES;
				CLANG_WARN_DIRECT_OBJC_ISA_USAGE = YES_ERROR;
				CLANG_WARN_DOCUMENTATION_COMMENTS = YES;
				CLANG_WARN_EMPTY_BODY = YES;
				CLANG_WARN_ENUM_CONVERSION = YES;
				CLANG_WARN_INFINITE_RECURSION = YES;
				CLANG_WARN_INT_CONVERSION = YES;
				CLANG_WARN_NON_LITERAL_NULL_CONVERSION = YES;
				CLANG_WARN_OBJC_IMPLICIT_RETAIN_SELF = YES;
				CLANG_WARN_OBJC_LITERAL_CONVERSION = YES;
				CLANG_WARN_OBJC_ROOT_CLASS = YES_ERROR;
				CLANG_WARN_RANGE_LOOP_ANALYSIS = YES;
				CLANG_WARN_STRICT_PROTOTYPES = YES;
				CLANG_WARN_SUSPICIOUS_MOVE = YES;
				CLANG_WARN_UNGUARDED_AVAILABILITY = YES_AGGRESSIVE;
				CLANG_WARN_UNREACHABLE_CODE = YES;
				CLANG_WARN__DUPLICATE_METHOD_MATCH = YES;
				COPY_PHASE_STRIP = NO;
				DEBUG_INFORMATION_FORMAT = dwarf;
				ENABLE_STRICT_OBJC_MSGSEND = YES;
				ENABLE_TESTABILITY = YES;
				GCC_C_LANGUAGE_STANDARD = gnu11;
				GCC_DYNAMIC_NO_PIC = NO;
				GCC_NO_COMMON_BLOCKS = YES;
				GCC_OPTIMIZATION_LEVEL = 0;
				GCC_PREPROCESSOR_DEFINITIONS = (
					"DEBUG=1",
					"$(inherited)",
				);
				GCC_WARN_64_TO_32_BIT_CONVERSION = YES;
				GCC_WARN_ABOUT_RETURN_TYPE = YES_ERROR;
				GCC_WARN_UNDECLARED_SELECTOR = YES;
				GCC_WARN_UNINITIALIZED_AUTOS = YES_AGGRESSIVE;
				GCC_WARN_UNUSED_FUNCTION = YES;
				GCC_WARN_UNUSED_VARIABLE = YES;
				MACOSX_DEPLOYMENT_TARGET = 10.15;
				MTL_ENABLE_DEBUG_INFO = INCLUDE_SOURCE;
				MTL_FAST_MATH = YES;
				ONLY_ACTIVE_ARCH = YES;
				SDKROOT = macosx;
				SWIFT_ACTIVE_COMPILATION_CONDITIONS = DEBUG;
				SWIFT_OPTIMIZATION_LEVEL = "-Onone";
			};
			name = Debug;
		};
		B54B52A02365100B00FF9CE3 /* Release */ = {
			isa = XCBuildConfiguration;
			buildSettings = {
				ALWAYS_SEARCH_USER_PATHS = NO;
				CLANG_ANALYZER_NONNULL = YES;
				CLANG_ANALYZER_NUMBER_OBJECT_CONVERSION = YES_AGGRESSIVE;
				CLANG_CXX_LANGUAGE_STANDARD = "gnu++14";
				CLANG_CXX_LIBRARY = "libc++";
				CLANG_ENABLE_MODULES = YES;
				CLANG_ENABLE_OBJC_ARC = YES;
				CLANG_ENABLE_OBJC_WEAK = YES;
				CLANG_WARN_BLOCK_CAPTURE_AUTORELEASING = YES;
				CLANG_WARN_BOOL_CONVERSION = YES;
				CLANG_WARN_COMMA = YES;
				CLANG_WARN_CONSTANT_CONVERSION = YES;
				CLANG_WARN_DEPRECATED_OBJC_IMPLEMENTATIONS = YES;
				CLANG_WARN_DIRECT_OBJC_ISA_USAGE = YES_ERROR;
				CLANG_WARN_DOCUMENTATION_COMMENTS = YES;
				CLANG_WARN_EMPTY_BODY = YES;
				CLANG_WARN_ENUM_CONVERSION = YES;
				CLANG_WARN_INFINITE_RECURSION = YES;
				CLANG_WARN_INT_CONVERSION = YES;
				CLANG_WARN_NON_LITERAL_NULL_CONVERSION = YES;
				CLANG_WARN_OBJC_IMPLICIT_RETAIN_SELF = YES;
				CLANG_WARN_OBJC_LITERAL_CONVERSION = YES;
				CLANG_WARN_OBJC_ROOT_CLASS = YES_ERROR;
				CLANG_WARN_RANGE_LOOP_ANALYSIS = YES;
				CLANG_WARN_STRICT_PROTOTYPES = YES;
				CLANG_WARN_SUSPICIOUS_MOVE = YES;
				CLANG_WARN_UNGUARDED_AVAILABILITY = YES_AGGRESSIVE;
				CLANG_WARN_UNREACHABLE_CODE = YES;
				CLANG_WARN__DUPLICATE_METHOD_MATCH = YES;
				COPY_PHASE_STRIP = NO;
				DEBUG_INFORMATION_FORMAT = "dwarf-with-dsym";
				ENABLE_NS_ASSERTIONS = NO;
				ENABLE_STRICT_OBJC_MSGSEND = YES;
				GCC_C_LANGUAGE_STANDARD = gnu11;
				GCC_NO_COMMON_BLOCKS = YES;
				GCC_WARN_64_TO_32_BIT_CONVERSION = YES;
				GCC_WARN_ABOUT_RETURN_TYPE = YES_ERROR;
				GCC_WARN_UNDECLARED_SELECTOR = YES;
				GCC_WARN_UNINITIALIZED_AUTOS = YES_AGGRESSIVE;
				GCC_WARN_UNUSED_FUNCTION = YES;
				GCC_WARN_UNUSED_VARIABLE = YES;
				MACOSX_DEPLOYMENT_TARGET = 10.15;
				MTL_ENABLE_DEBUG_INFO = NO;
				MTL_FAST_MATH = YES;
				SDKROOT = macosx;
				SWIFT_COMPILATION_MODE = wholemodule;
				SWIFT_OPTIMIZATION_LEVEL = "-O";
			};
			name = Release;
		};
		B54B52A22365100B00FF9CE3 /* Debug */ = {
			isa = XCBuildConfiguration;
			baseConfigurationReference = 480C111D4F293CB80FFC4144 /* Pods-free-sidecar.debug.xcconfig */;
			buildSettings = {
				ASSETCATALOG_COMPILER_APPICON_NAME = AppIcon;
				CODE_SIGN_ENTITLEMENTS = "free-sidecar/free_sidecar.entitlements";
				CODE_SIGN_IDENTITY = "Apple Development";
				CODE_SIGN_STYLE = Automatic;
				COMBINE_HIDPI_IMAGES = YES;
				DEVELOPMENT_ASSET_PATHS = "\"free-sidecar/Preview Content\"";
				DEVELOPMENT_TEAM = PFCMT7RS6E;
				ENABLE_HARDENED_RUNTIME = YES;
				ENABLE_PREVIEWS = YES;
				INFOPLIST_FILE = "free-sidecar/Info.plist";
				LD_RUNPATH_SEARCH_PATHS = (
					"$(inherited)",
					"@executable_path/../Frameworks",
				);
				MACOSX_DEPLOYMENT_TARGET = 10.15;
				PRODUCT_BUNDLE_IDENTIFIER = "benz.free-sidecar";
				PRODUCT_NAME = "$(TARGET_NAME)";
				SWIFT_VERSION = 5.0;
			};
			name = Debug;
		};
		B54B52A32365100B00FF9CE3 /* Release */ = {
			isa = XCBuildConfiguration;
			baseConfigurationReference = 38B3B0E21E361DD39F329ECC /* Pods-free-sidecar.release.xcconfig */;
			buildSettings = {
				ASSETCATALOG_COMPILER_APPICON_NAME = AppIcon;
				CODE_SIGN_ENTITLEMENTS = "free-sidecar/free_sidecar.entitlements";
				CODE_SIGN_IDENTITY = "Apple Development";
				CODE_SIGN_STYLE = Automatic;
				COMBINE_HIDPI_IMAGES = YES;
				DEVELOPMENT_ASSET_PATHS = "\"free-sidecar/Preview Content\"";
				DEVELOPMENT_TEAM = PFCMT7RS6E;
				ENABLE_HARDENED_RUNTIME = YES;
				ENABLE_PREVIEWS = YES;
				INFOPLIST_FILE = "free-sidecar/Info.plist";
				LD_RUNPATH_SEARCH_PATHS = (
					"$(inherited)",
					"@executable_path/../Frameworks",
				);
				MACOSX_DEPLOYMENT_TARGET = 10.15;
				PRODUCT_BUNDLE_IDENTIFIER = "benz.free-sidecar";
				PRODUCT_NAME = "$(TARGET_NAME)";
				SWIFT_VERSION = 5.0;
			};
			name = Release;
		};
		B54B52A52365100B00FF9CE3 /* Debug */ = {
			isa = XCBuildConfiguration;
			baseConfigurationReference = FFB2858B480CF019F87F589D /* Pods-free-sidecarTests.debug.xcconfig */;
			buildSettings = {
				ALWAYS_EMBED_SWIFT_STANDARD_LIBRARIES = YES;
				BUNDLE_LOADER = "$(TEST_HOST)";
				CODE_SIGN_STYLE = Automatic;
				COMBINE_HIDPI_IMAGES = YES;
				INFOPLIST_FILE = "free-sidecarTests/Info.plist";
				LD_RUNPATH_SEARCH_PATHS = (
					"$(inherited)",
					"@executable_path/../Frameworks",
					"@loader_path/../Frameworks",
				);
				MACOSX_DEPLOYMENT_TARGET = 10.15;
				PRODUCT_BUNDLE_IDENTIFIER = "benz.free-sidecarTests";
				PRODUCT_NAME = "$(TARGET_NAME)";
				SWIFT_VERSION = 5.0;
				TEST_HOST = "$(BUILT_PRODUCTS_DIR)/free-sidecar.app/Contents/MacOS/free-sidecar";
			};
			name = Debug;
		};
		B54B52A62365100B00FF9CE3 /* Release */ = {
			isa = XCBuildConfiguration;
			baseConfigurationReference = 628287E4FDA2F63F9F6FAF98 /* Pods-free-sidecarTests.release.xcconfig */;
			buildSettings = {
				ALWAYS_EMBED_SWIFT_STANDARD_LIBRARIES = YES;
				BUNDLE_LOADER = "$(TEST_HOST)";
				CODE_SIGN_STYLE = Automatic;
				COMBINE_HIDPI_IMAGES = YES;
				INFOPLIST_FILE = "free-sidecarTests/Info.plist";
				LD_RUNPATH_SEARCH_PATHS = (
					"$(inherited)",
					"@executable_path/../Frameworks",
					"@loader_path/../Frameworks",
				);
				MACOSX_DEPLOYMENT_TARGET = 10.15;
				PRODUCT_BUNDLE_IDENTIFIER = "benz.free-sidecarTests";
				PRODUCT_NAME = "$(TARGET_NAME)";
				SWIFT_VERSION = 5.0;
				TEST_HOST = "$(BUILT_PRODUCTS_DIR)/free-sidecar.app/Contents/MacOS/free-sidecar";
			};
			name = Release;
		};
		B54B52A82365100B00FF9CE3 /* Debug */ = {
			isa = XCBuildConfiguration;
			baseConfigurationReference = BE1E5FFE457A5DA3221A108A /* Pods-free-sidecarUITests.debug.xcconfig */;
			buildSettings = {
				ALWAYS_EMBED_SWIFT_STANDARD_LIBRARIES = YES;
				CODE_SIGN_STYLE = Automatic;
				COMBINE_HIDPI_IMAGES = YES;
				INFOPLIST_FILE = "free-sidecarUITests/Info.plist";
				LD_RUNPATH_SEARCH_PATHS = (
					"$(inherited)",
					"@executable_path/../Frameworks",
					"@loader_path/../Frameworks",
				);
				PRODUCT_BUNDLE_IDENTIFIER = "benz.free-sidecarUITests";
				PRODUCT_NAME = "$(TARGET_NAME)";
				SWIFT_VERSION = 5.0;
				TEST_TARGET_NAME = "free-sidecar";
			};
			name = Debug;
		};
		B54B52A92365100B00FF9CE3 /* Release */ = {
			isa = XCBuildConfiguration;
			baseConfigurationReference = 7CEE281FC62ED0532519B44E /* Pods-free-sidecarUITests.release.xcconfig */;
			buildSettings = {
				ALWAYS_EMBED_SWIFT_STANDARD_LIBRARIES = YES;
				CODE_SIGN_STYLE = Automatic;
				COMBINE_HIDPI_IMAGES = YES;
				INFOPLIST_FILE = "free-sidecarUITests/Info.plist";
				LD_RUNPATH_SEARCH_PATHS = (
					"$(inherited)",
					"@executable_path/../Frameworks",
					"@loader_path/../Frameworks",
				);
				PRODUCT_BUNDLE_IDENTIFIER = "benz.free-sidecarUITests";
				PRODUCT_NAME = "$(TARGET_NAME)";
				SWIFT_VERSION = 5.0;
				TEST_TARGET_NAME = "free-sidecar";
			};
			name = Release;
		};
		B57DC8C924452E5C009E03EF /* Debug */ = {
			isa = XCBuildConfiguration;
			baseConfigurationReference = 6D41BF75194D0E9B7B3B4913 /* Pods-free-sidecar-xpc.debug.xcconfig */;
			buildSettings = {
				CODE_SIGN_IDENTITY = "Apple Development";
				CODE_SIGN_STYLE = Automatic;
				COMBINE_HIDPI_IMAGES = YES;
				DEVELOPMENT_TEAM = PFCMT7RS6E;
				ENABLE_HARDENED_RUNTIME = YES;
				INFOPLIST_FILE = "free-sidecar-xpc/Info.plist";
				LD_RUNPATH_SEARCH_PATHS = "$(LD_RUNPATH_SEARCH_PATHS_$(IS_MACCATALYST)_$(_BOOL_$(SKIP_INSTALL)))";
				PRODUCT_BUNDLE_IDENTIFIER = "ben-z.free-sidecar-xpc";
				PRODUCT_NAME = "$(TARGET_NAME)";
				SKIP_INSTALL = YES;
				SWIFT_VERSION = 5.0;
			};
			name = Debug;
		};
		B57DC8CA24452E5C009E03EF /* Release */ = {
			isa = XCBuildConfiguration;
			baseConfigurationReference = D2A74054836740A598F45C29 /* Pods-free-sidecar-xpc.release.xcconfig */;
			buildSettings = {
				CODE_SIGN_IDENTITY = "Apple Development";
				CODE_SIGN_STYLE = Automatic;
				COMBINE_HIDPI_IMAGES = YES;
				DEVELOPMENT_TEAM = PFCMT7RS6E;
				ENABLE_HARDENED_RUNTIME = YES;
				INFOPLIST_FILE = "free-sidecar-xpc/Info.plist";
				LD_RUNPATH_SEARCH_PATHS = "$(LD_RUNPATH_SEARCH_PATHS_$(IS_MACCATALYST)_$(_BOOL_$(SKIP_INSTALL)))";
				PRODUCT_BUNDLE_IDENTIFIER = "ben-z.free-sidecar-xpc";
				PRODUCT_NAME = "$(TARGET_NAME)";
				SKIP_INSTALL = YES;
				SWIFT_VERSION = 5.0;
			};
			name = Release;
		};
/* End XCBuildConfiguration section */

/* Begin XCConfigurationList section */
		B54B52732365100A00FF9CE3 /* Build configuration list for PBXProject "free-sidecar" */ = {
			isa = XCConfigurationList;
			buildConfigurations = (
				B54B529F2365100B00FF9CE3 /* Debug */,
				B54B52A02365100B00FF9CE3 /* Release */,
			);
			defaultConfigurationIsVisible = 0;
			defaultConfigurationName = Release;
		};
		B54B52A12365100B00FF9CE3 /* Build configuration list for PBXNativeTarget "free-sidecar" */ = {
			isa = XCConfigurationList;
			buildConfigurations = (
				B54B52A22365100B00FF9CE3 /* Debug */,
				B54B52A32365100B00FF9CE3 /* Release */,
			);
			defaultConfigurationIsVisible = 0;
			defaultConfigurationName = Release;
		};
		B54B52A42365100B00FF9CE3 /* Build configuration list for PBXNativeTarget "free-sidecarTests" */ = {
			isa = XCConfigurationList;
			buildConfigurations = (
				B54B52A52365100B00FF9CE3 /* Debug */,
				B54B52A62365100B00FF9CE3 /* Release */,
			);
			defaultConfigurationIsVisible = 0;
			defaultConfigurationName = Release;
		};
		B54B52A72365100B00FF9CE3 /* Build configuration list for PBXNativeTarget "free-sidecarUITests" */ = {
			isa = XCConfigurationList;
			buildConfigurations = (
				B54B52A82365100B00FF9CE3 /* Debug */,
				B54B52A92365100B00FF9CE3 /* Release */,
			);
			defaultConfigurationIsVisible = 0;
			defaultConfigurationName = Release;
		};
		B57DC8C824452E5C009E03EF /* Build configuration list for PBXNativeTarget "free-sidecar-xpc" */ = {
			isa = XCConfigurationList;
			buildConfigurations = (
				B57DC8C924452E5C009E03EF /* Debug */,
				B57DC8CA24452E5C009E03EF /* Release */,
			);
			defaultConfigurationIsVisible = 0;
			defaultConfigurationName = Release;
		};
/* End XCConfigurationList section */
	};
	rootObject = B54B52702365100A00FF9CE3 /* Project object */;
}
